PODS:
  - AFNetworking (3.1.0):
    - AFNetworking/NSURLSession (= 3.1.0)
    - AFNetworking/Reachability (= 3.1.0)
    - AFNetworking/Security (= 3.1.0)
    - AFNetworking/Serialization (= 3.1.0)
    - AFNetworking/UIKit (= 3.1.0)
  - AFNetworking/NSURLSession (3.1.0):
    - AFNetworking/Reachability
    - AFNetworking/Security
    - AFNetworking/Serialization
  - AFNetworking/Reachability (3.1.0)
  - AFNetworking/Security (3.1.0)
  - AFNetworking/Serialization (3.1.0)
  - AFNetworking/UIKit (3.1.0):
    - AFNetworking/NSURLSession
  - Bolts (1.8.4):
    - Bolts/AppLinks (= 1.8.4)
    - Bolts/Tasks (= 1.8.4)
  - Bolts/AppLinks (1.8.4):
    - Bolts/Tasks
  - Bolts/Tasks (1.8.4)
  - Facebook-iOS-SDK (3.24.4):
    - Bolts (~> 1.2)
  - ISO8601DateFormatter (0.8)
  - LiveSDK (5.6.2)
  - PinterestSDK (1.0.2):
    - AFNetworking (~> 3.0)
    - SSKeychain
  - PKMultipartInputStream (1.3.0)
  - SAMKeychain (1.5.3)
  - SAMTextView (0.2.2)
  - SDWebImage (4.2.2):
    - SDWebImage/Core (= 4.2.2)
  - SDWebImage/Core (4.2.2)
  - ShareKit (6.0.1):
    - ShareKit/Core (= 6.0.1)
    - ShareKit/Delicious (= 6.0.1)
    - ShareKit/Diigo (= 6.0.1)
    - ShareKit/Facebook (= 6.0.1)
    - ShareKit/Flickr (= 6.0.1)
    - ShareKit/Foursquare (= 6.0.1)
    - ShareKit/Hatena (= 6.0.1)
    - ShareKit/Imgur (= 6.0.1)
    - ShareKit/Instagram (= 6.0.1)
    - ShareKit/Instapaper (= 6.0.1)
    - ShareKit/Kippt (= 6.0.1)
    - ShareKit/LinkedIn (= 6.0.1)
    - ShareKit/OneNote (= 6.0.1)
    - ShareKit/Pinboard (= 6.0.1)
    - ShareKit/Pinterest (= 6.0.1)
    - ShareKit/Plurk (= 6.0.1)
    - ShareKit/Reachability (= 6.0.1)
    - ShareKit/Readability (= 6.0.1)
    - ShareKit/SinaWeibo (= 6.0.1)
    - ShareKit/Tumblr (= 6.0.1)
    - ShareKit/Twitter (= 6.0.1)
    - ShareKit/Vkontakte (= 6.0.1)
    - ShareKit/WhatsApp (= 6.0.1)
  - ShareKit/Core (6.0.1):
    - PKMultipartInputStream
    - SAMKeychain
    - SAMTextView (~> 0.2.1)
    - SDWebImage (~> 4.2)
    - ShareKit/Reachability
  - ShareKit/Delicious (6.0.1):
    - ShareKit/Core
  - ShareKit/Diigo (6.0.1):
    - ShareKit/Core
  - ShareKit/Facebook (6.0.1):
    - Facebook-iOS-SDK (~> 3.0)
    - ShareKit/Core
  - ShareKit/Flickr (6.0.1):
    - ShareKit/Core
  - ShareKit/Foursquare (6.0.1):
    - ShareKit/Core
  - ShareKit/Hatena (6.0.1):
    - ShareKit/Core
  - ShareKit/Imgur (6.0.1):
    - ShareKit/Core
  - ShareKit/Instagram (6.0.1):
    - ShareKit/Core
  - ShareKit/Instapaper (6.0.1):
    - ShareKit/Core
  - ShareKit/Kippt (6.0.1):
    - ShareKit/Core
  - ShareKit/LinkedIn (6.0.1):
    - ShareKit/Core
  - ShareKit/OneNote (6.0.1):
    - ISO8601DateFormatter
    - LiveSDK
    - ShareKit/Core
  - ShareKit/Pinboard (6.0.1):
    - ShareKit/Core
  - ShareKit/Pinterest (6.0.1):
    - PinterestSDK
    - ShareKit/Core
  - ShareKit/Plurk (6.0.1):
    - ShareKit/Core
  - ShareKit/Reachability (6.0.1)
  - ShareKit/Readability (6.0.1):
    - ShareKit/Core
  - ShareKit/SinaWeibo (6.0.1):
    - ShareKit/Core
  - ShareKit/Tumblr (6.0.1):
    - ShareKit/Core
  - ShareKit/Twitter (6.0.1):
    - ShareKit/Core
  - ShareKit/Vkontakte (6.0.1):
    - ShareKit/Core
  - ShareKit/WhatsApp (6.0.1):
    - ShareKit/Core
  - SSKeychain (1.2.3)

DEPENDENCIES:
  - ShareKit (from `Submodules/ShareKit`)
  - ShareKit/Flickr (from `Submodules/ShareKit`)
  - ShareKit/OneNote (from `Submodules/ShareKit`)
  - ShareKit/Pinterest (from `Submodules/ShareKit`)

EXTERNAL SOURCES:
  ShareKit:
    :path: Submodules/ShareKit

SPEC CHECKSUMS:
  AFNetworking: 5e0e199f73d8626b11e79750991f5d173d1f8b67
  Bolts: 8a7995239dbe724f9cba2248b766d48b7ebdd322
  Facebook-iOS-SDK: 5a7c414a084708220b72d5fd016f2cf3eb6deda4
  ISO8601DateFormatter: 4551b6ce4f83185425f583b0b3feb3c7b59b942c
  LiveSDK: 893e20f06cc1838e14ec31ecf8f64ad3d18810c9
  PinterestSDK: 6c6d92cc749e6520d1b6f1e75410c6fd1d05844c
  PKMultipartInputStream: 933bc09492f3f8af47abbc4baaf583d49fba1d45
  SAMKeychain: 483e1c9f32984d50ca961e26818a534283b4cd5c
  SAMTextView: 979c43bb1fa5859ddfbfeb35e9c296a2b0ec55fd
  SDWebImage: 89a9d32cd520bbb46eb14e541d5109b3564af198
  ShareKit: 970720d7760d3dba8a0f5085b24a016599a62435
  SSKeychain: 3f42991739c6c60a9cf1bbd4dff6c0d3694bcf3d

PODFILE CHECKSUM: a4536bc13a095c022e9a8b366e6ee4de7efc59bd

COCOAPODS: 1.3.1
