// !$*UTF8*$!
{
	archiveVersion = 1;
	classes = {
	};
	objectVersion = 46;
	objects = {

/* Begin PBXBuildFile section */
		73E1B9FCDFDF44E7A56A1997 /* libPods.a in Frameworks */ = {isa = PBXBuildFile; fileRef = C74A0F6471474BAA9279AC7A /* libPods.a */; };
		7A101A2C197FCFB600396A3B /* ExampleShareFile.m in Sources */ = {isa = PBXBuildFile; fileRef = 7A15C72E197C613900B0DD69 /* ExampleShareFile.m */; };
		7A101A2D197FCFBA00396A3B /* ExampleShareImage.m in Sources */ = {isa = PBXBuildFile; fileRef = 7A15C730197C613900B0DD69 /* ExampleShareImage.m */; };
		7A101A2E197FCFBD00396A3B /* ExampleShareLink.m in Sources */ = {isa = PBXBuildFile; fileRef = 7A15C732197C613900B0DD69 /* ExampleShareLink.m */; };
		7A15C6FF197C5E2800B0DD69 /* Foundation.framework in Frameworks */ = {isa = PBXBuildFile; fileRef = 7A15C6FE197C5E2800B0DD69 /* Foundation.framework */; };
		7A15C701197C5E2800B0DD69 /* CoreGraphics.framework in Frameworks */ = {isa = PBXBuildFile; fileRef = 7A15C700197C5E2800B0DD69 /* CoreGraphics.framework */; };
		7A15C703197C5E2800B0DD69 /* UIKit.framework in Frameworks */ = {isa = PBXBuildFile; fileRef = 7A15C702197C5E2800B0DD69 /* UIKit.framework */; };
		7A15C709197C5E2800B0DD69 /* InfoPlist.strings in Resources */ = {isa = PBXBuildFile; fileRef = 7A15C707197C5E2800B0DD69 /* InfoPlist.strings */; };
		7A15C70B197C5E2800B0DD69 /* main.m in Sources */ = {isa = PBXBuildFile; fileRef = 7A15C70A197C5E2800B0DD69 /* main.m */; };
		7A15C711197C5E2800B0DD69 /* Images.xcassets in Resources */ = {isa = PBXBuildFile; fileRef = 7A15C710197C5E2800B0DD69 /* Images.xcassets */; };
		7A15C73C197C613900B0DD69 /* ExampleShareFile.m in Sources */ = {isa = PBXBuildFile; fileRef = 7A15C72E197C613900B0DD69 /* ExampleShareFile.m */; };
		7A15C73D197C613900B0DD69 /* ExampleShareImage.m in Sources */ = {isa = PBXBuildFile; fileRef = 7A15C730197C613900B0DD69 /* ExampleShareImage.m */; };
		7A15C73E197C613900B0DD69 /* ExampleShareLink.m in Sources */ = {isa = PBXBuildFile; fileRef = 7A15C732197C613900B0DD69 /* ExampleShareLink.m */; };
		7A15C73F197C613900B0DD69 /* ExampleShareText.m in Sources */ = {isa = PBXBuildFile; fileRef = 7A15C734197C613900B0DD69 /* ExampleShareText.m */; };
		7A15C740197C613900B0DD69 /* RootViewController.m in Sources */ = {isa = PBXBuildFile; fileRef = 7A15C736197C613900B0DD69 /* RootViewController.m */; };
		7A15C741197C613900B0DD69 /* RootViewController.xib in Resources */ = {isa = PBXBuildFile; fileRef = 7A15C737197C613900B0DD69 /* RootViewController.xib */; };
		7A15C742197C613900B0DD69 /* ShareKitAppDelegate.m in Sources */ = {isa = PBXBuildFile; fileRef = 7A15C739197C613900B0DD69 /* ShareKitAppDelegate.m */; };
		7A15C743197C613900B0DD69 /* ShareKitDemoConfigurator.m in Sources */ = {isa = PBXBuildFile; fileRef = 7A15C73B197C613900B0DD69 /* ShareKitDemoConfigurator.m */; };
		7A15C7DF197C65B800B0DD69 /* libShareKit.a in Frameworks */ = {isa = PBXBuildFile; fileRef = 7A15C77A197C657200B0DD69 /* libShareKit.a */; };
		7A15C7E0197C65C400B0DD69 /* ShareKit.bundle in Resources */ = {isa = PBXBuildFile; fileRef = 7A15C77C197C657200B0DD69 /* ShareKit.bundle */; };
		7A15C7E2197C662200B0DD69 /* SystemConfiguration.framework in Frameworks */ = {isa = PBXBuildFile; fileRef = 7A15C7E1197C662200B0DD69 /* SystemConfiguration.framework */; };
		7A15C7E4197C662E00B0DD69 /* Security.framework in Frameworks */ = {isa = PBXBuildFile; fileRef = 7A15C7E3197C662E00B0DD69 /* Security.framework */; };
		7A15C7E6197C663500B0DD69 /* MessageUI.framework in Frameworks */ = {isa = PBXBuildFile; fileRef = 7A15C7E5197C663500B0DD69 /* MessageUI.framework */; };
		7A15C7E8197C663D00B0DD69 /* MobileCoreServices.framework in Frameworks */ = {isa = PBXBuildFile; fileRef = 7A15C7E7197C663D00B0DD69 /* MobileCoreServices.framework */; };
		7A15C7EA197C664600B0DD69 /* CoreMedia.framework in Frameworks */ = {isa = PBXBuildFile; fileRef = 7A15C7E9197C664600B0DD69 /* CoreMedia.framework */; };
		7A15C7EC197C664D00B0DD69 /* AVFoundation.framework in Frameworks */ = {isa = PBXBuildFile; fileRef = 7A15C7EB197C664D00B0DD69 /* AVFoundation.framework */; };
		7A15C7EE197C666300B0DD69 /* CFNetwork.framework in Frameworks */ = {isa = PBXBuildFile; fileRef = 7A15C7ED197C666300B0DD69 /* CFNetwork.framework */; };
		7A15C7F0197C666B00B0DD69 /* CoreLocation.framework in Frameworks */ = {isa = PBXBuildFile; fileRef = 7A15C7EF197C666B00B0DD69 /* CoreLocation.framework */; };
		7A15C7F2197C66A100B0DD69 /* AdSupport.framework in Frameworks */ = {isa = PBXBuildFile; fileRef = 7A15C7F1197C66A100B0DD69 /* AdSupport.framework */; };
		7A15C7F4197C66AC00B0DD69 /* Accounts.framework in Frameworks */ = {isa = PBXBuildFile; fileRef = 7A15C7F3197C66AC00B0DD69 /* Accounts.framework */; };
		7A15C7F6197C66B800B0DD69 /* libsqlite3.0.dylib in Frameworks */ = {isa = PBXBuildFile; fileRef = 7A15C7F5197C66B800B0DD69 /* libsqlite3.0.dylib */; };
		7A15C7F8197C66C100B0DD69 /* Social.framework in Frameworks */ = {isa = PBXBuildFile; fileRef = 7A15C7F7197C66C100B0DD69 /* Social.framework */; };
		7A15C7FA197C66CD00B0DD69 /* StoreKit.framework in Frameworks */ = {isa = PBXBuildFile; fileRef = 7A15C7F9197C66CD00B0DD69 /* StoreKit.framework */; };
		7A15C7FC197C66D700B0DD69 /* libxml2.dylib in Frameworks */ = {isa = PBXBuildFile; fileRef = 7A15C7FB197C66D700B0DD69 /* libxml2.dylib */; };
		7A15C7FE197C66DF00B0DD69 /* QuartzCore.framework in Frameworks */ = {isa = PBXBuildFile; fileRef = 7A15C7FD197C66DF00B0DD69 /* QuartzCore.framework */; };
		7A15C800197C66E900B0DD69 /* MediaPlayer.framework in Frameworks */ = {isa = PBXBuildFile; fileRef = 7A15C7FF197C66E900B0DD69 /* MediaPlayer.framework */; };
		7A15C802197C66F000B0DD69 /* AssetsLibrary.framework in Frameworks */ = {isa = PBXBuildFile; fileRef = 7A15C801197C66F000B0DD69 /* AssetsLibrary.framework */; };
		7A15C804197C66F700B0DD69 /* CoreText.framework in Frameworks */ = {isa = PBXBuildFile; fileRef = 7A15C803197C66F700B0DD69 /* CoreText.framework */; };
		7A15C806197C66FE00B0DD69 /* CoreMotion.framework in Frameworks */ = {isa = PBXBuildFile; fileRef = 7A15C805197C66FE00B0DD69 /* CoreMotion.framework */; };
		7A15C808197C670700B0DD69 /* AddressBook.framework in Frameworks */ = {isa = PBXBuildFile; fileRef = 7A15C807197C670700B0DD69 /* AddressBook.framework */; };
		7A15C80A197C670F00B0DD69 /* ImageIO.framework in Frameworks */ = {isa = PBXBuildFile; fileRef = 7A15C809197C670F00B0DD69 /* ImageIO.framework */; };
		7A15C81F197C67C700B0DD69 /* DropboxSDK.framework in Frameworks */ = {isa = PBXBuildFile; fileRef = 7A15C815197C67C700B0DD69 /* DropboxSDK.framework */; };
		7A15C820197C67C800B0DD69 /* FacebookSDK.framework in Frameworks */ = {isa = PBXBuildFile; fileRef = 7A15C816197C67C700B0DD69 /* FacebookSDK.framework */; };
		7A15C821197C67C800B0DD69 /* GoogleOpenSource.framework in Frameworks */ = {isa = PBXBuildFile; fileRef = 7A15C817197C67C700B0DD69 /* GoogleOpenSource.framework */; };
		7A15C822197C67C800B0DD69 /* GooglePlus.bundle in Resources */ = {isa = PBXBuildFile; fileRef = 7A15C818197C67C700B0DD69 /* GooglePlus.bundle */; };
		7A15C823197C67C800B0DD69 /* GooglePlus.framework in Frameworks */ = {isa = PBXBuildFile; fileRef = 7A15C819197C67C700B0DD69 /* GooglePlus.framework */; };
		7A15C824197C67C800B0DD69 /* LiveSDK.framework in Frameworks */ = {isa = PBXBuildFile; fileRef = 7A15C81A197C67C700B0DD69 /* LiveSDK.framework */; };
		7A15C825197C67C800B0DD69 /* Pinterest.framework in Frameworks */ = {isa = PBXBuildFile; fileRef = 7A15C81C197C67C700B0DD69 /* Pinterest.framework */; };
		7A15C826197C67C800B0DD69 /* PinterestSDKResources.bundle in Resources */ = {isa = PBXBuildFile; fileRef = 7A15C81E197C67C700B0DD69 /* PinterestSDKResources.bundle */; };
		7A15C82A197C684700B0DD69 /* LiveSDK.framework in Resources */ = {isa = PBXBuildFile; fileRef = 7A15C81A197C67C700B0DD69 /* LiveSDK.framework */; };
		7A15C82C197C6C2300B0DD69 /* SafariServices.framework in Frameworks */ = {isa = PBXBuildFile; fileRef = 7A15C82B197C6C2300B0DD69 /* SafariServices.framework */; };
		7A15C82E197C6DEF00B0DD69 /* MainWindow.xib in Resources */ = {isa = PBXBuildFile; fileRef = 7A15C82D197C6DEF00B0DD69 /* MainWindow.xib */; };
		7A15C834197C6E6E00B0DD69 /* demo_audio_share.mp3 in Resources */ = {isa = PBXBuildFile; fileRef = 7A15C82F197C6E6E00B0DD69 /* demo_audio_share.mp3 */; };
		7A15C835197C6E6E00B0DD69 /* demo_large_video_share.mp4 in Resources */ = {isa = PBXBuildFile; fileRef = 7A15C830197C6E6E00B0DD69 /* demo_large_video_share.mp4 */; };
		7A15C836197C6E6E00B0DD69 /* demo_video_share.mov in Resources */ = {isa = PBXBuildFile; fileRef = 7A15C831197C6E6E00B0DD69 /* demo_video_share.mov */; };
		7A15C837197C6E6E00B0DD69 /* example.pdf in Resources */ = {isa = PBXBuildFile; fileRef = 7A15C832197C6E6E00B0DD69 /* example.pdf */; };
		7A15C838197C6E6E00B0DD69 /* sanFran.jpg in Resources */ = {isa = PBXBuildFile; fileRef = 7A15C833197C6E6E00B0DD69 /* sanFran.jpg */; };
		7A278E8B1A94D2C80065B351 /* largeImage.JPG in Resources */ = {isa = PBXBuildFile; fileRef = 7A278E8A1A94D2C80065B351 /* largeImage.JPG */; };
		7A278EBE1A94D46C0065B351 /* largeImage.JPG in Resources */ = {isa = PBXBuildFile; fileRef = 7A278E8A1A94D2C80065B351 /* largeImage.JPG */; };
		7A3C2F001996BAB200CEBBFA /* ShareKitAppDelegate.m in Sources */ = {isa = PBXBuildFile; fileRef = 7A15C739197C613900B0DD69 /* ShareKitAppDelegate.m */; };
		7A3C2F301996BAB500CEBBFA /* ShareKitDemoConfigurator.m in Sources */ = {isa = PBXBuildFile; fileRef = 7A15C73B197C613900B0DD69 /* ShareKitDemoConfigurator.m */; };
		7A3C2F311996BABB00CEBBFA /* RootViewController.m in Sources */ = {isa = PBXBuildFile; fileRef = 7A15C736197C613900B0DD69 /* RootViewController.m */; };
		7A3C2F321996BABD00CEBBFA /* ExampleShareText.m in Sources */ = {isa = PBXBuildFile; fileRef = 7A15C734197C613900B0DD69 /* ExampleShareText.m */; };
		7A3C2F331996C81100CEBBFA /* MainWindow.xib in Resources */ = {isa = PBXBuildFile; fileRef = 7A15C82D197C6DEF00B0DD69 /* MainWindow.xib */; };
		7A3C2F341996C84E00CEBBFA /* RootViewController.xib in Resources */ = {isa = PBXBuildFile; fileRef = 7A15C737197C613900B0DD69 /* RootViewController.xib */; };
		7A3C2F351996CA3C00CEBBFA /* demo_audio_share.mp3 in Resources */ = {isa = PBXBuildFile; fileRef = 7A15C82F197C6E6E00B0DD69 /* demo_audio_share.mp3 */; };
		7A3C2F361996CA3F00CEBBFA /* demo_large_video_share.mp4 in Resources */ = {isa = PBXBuildFile; fileRef = 7A15C830197C6E6E00B0DD69 /* demo_large_video_share.mp4 */; };
		7A3C2F371996CA4100CEBBFA /* demo_video_share.mov in Resources */ = {isa = PBXBuildFile; fileRef = 7A15C831197C6E6E00B0DD69 /* demo_video_share.mov */; };
		7A3C2F381996CA4400CEBBFA /* example.pdf in Resources */ = {isa = PBXBuildFile; fileRef = 7A15C832197C6E6E00B0DD69 /* example.pdf */; };
		7A3C2F391996CA4700CEBBFA /* sanFran.jpg in Resources */ = {isa = PBXBuildFile; fileRef = 7A15C833197C6E6E00B0DD69 /* sanFran.jpg */; };
		7A3C2F3A1996CA5600CEBBFA /* main.m in Sources */ = {isa = PBXBuildFile; fileRef = 7A15C70A197C5E2800B0DD69 /* main.m */; };
		7ACDD3B4197D6E5400373DC3 /* Foundation.framework in Frameworks */ = {isa = PBXBuildFile; fileRef = 7A15C6FE197C5E2800B0DD69 /* Foundation.framework */; };
		7ACDD3B5197D6E5400373DC3 /* CoreGraphics.framework in Frameworks */ = {isa = PBXBuildFile; fileRef = 7A15C700197C5E2800B0DD69 /* CoreGraphics.framework */; };
		7ACDD3B6197D6E5400373DC3 /* UIKit.framework in Frameworks */ = {isa = PBXBuildFile; fileRef = 7A15C702197C5E2800B0DD69 /* UIKit.framework */; };
		7ACDD3BC197D6E5400373DC3 /* InfoPlist.strings in Resources */ = {isa = PBXBuildFile; fileRef = 7ACDD3BA197D6E5400373DC3 /* InfoPlist.strings */; };
		7AE8A0531C2B646B00CE61DE /* GTMOAuth2ViewTouch.xib in Resources */ = {isa = PBXBuildFile; fileRef = 7AE8A0501C2B646B00CE61DE /* GTMOAuth2ViewTouch.xib */; };
		7AE8A0841C2B69E700CE61DE /* Images.xcassets in Resources */ = {isa = PBXBuildFile; fileRef = 7A15C710197C5E2800B0DD69 /* Images.xcassets */; };
/* End PBXBuildFile section */

/* Begin PBXContainerItemProxy section */
		7A15C779197C657200B0DD69 /* PBXContainerItemProxy */ = {
			isa = PBXContainerItemProxy;
			containerPortal = 7A15C745197C657100B0DD69 /* ShareKit.xcodeproj */;
			proxyType = 2;
			remoteGlobalIDString = 7AB5342E1552AADD00171BCE;
			remoteInfo = "Static Library";
		};
		7A15C77B197C657200B0DD69 /* PBXContainerItemProxy */ = {
			isa = PBXContainerItemProxy;
			containerPortal = 7A15C745197C657100B0DD69 /* ShareKit.xcodeproj */;
			proxyType = 2;
			remoteGlobalIDString = 7AB5360F1552E26800171BCE;
			remoteInfo = "Resource Bundle";
		};
		7A15C77D197C657200B0DD69 /* PBXContainerItemProxy */ = {
			isa = PBXContainerItemProxy;
			containerPortal = 7A15C745197C657100B0DD69 /* ShareKit.xcodeproj */;
			proxyType = 2;
			remoteGlobalIDString = 7A0F9246156BA2A0009CB40A;
			remoteInfo = "Static Library Core";
		};
		7A15C77F197C657200B0DD69 /* PBXContainerItemProxy */ = {
			isa = PBXContainerItemProxy;
			containerPortal = 7A15C745197C657100B0DD69 /* ShareKit.xcodeproj */;
			proxyType = 2;
			remoteGlobalIDString = 7A1AFCC0160E11F90086B98A;
			remoteInfo = SSKeyChain;
		};
		7A15C781197C657200B0DD69 /* PBXContainerItemProxy */ = {
			isa = PBXContainerItemProxy;
			containerPortal = 7A15C745197C657100B0DD69 /* ShareKit.xcodeproj */;
			proxyType = 2;
			remoteGlobalIDString = 7A16F37E161340DD0019645D;
			remoteInfo = OAuth;
		};
		7A15C783197C657200B0DD69 /* PBXContainerItemProxy */ = {
			isa = PBXContainerItemProxy;
			containerPortal = 7A15C745197C657100B0DD69 /* ShareKit.xcodeproj */;
			proxyType = 2;
			remoteGlobalIDString = 7A1AFCD1160E123C0086B98A;
			remoteInfo = Reachability;
		};
		7A15C785197C657200B0DD69 /* PBXContainerItemProxy */ = {
			isa = PBXContainerItemProxy;
			containerPortal = 7A15C745197C657100B0DD69 /* ShareKit.xcodeproj */;
			proxyType = 2;
			remoteGlobalIDString = AABBECD2162F0756009D46E4;
			remoteInfo = Copy;
		};
		7A15C787197C657200B0DD69 /* PBXContainerItemProxy */ = {
			isa = PBXContainerItemProxy;
			containerPortal = 7A15C745197C657100B0DD69 /* ShareKit.xcodeproj */;
			proxyType = 2;
			remoteGlobalIDString = AABBECDB162F0779009D46E4;
			remoteInfo = Email;
		};
		7A15C789197C657200B0DD69 /* PBXContainerItemProxy */ = {
			isa = PBXContainerItemProxy;
			containerPortal = 7A15C745197C657100B0DD69 /* ShareKit.xcodeproj */;
			proxyType = 2;
			remoteGlobalIDString = AABBECC9162F0719009D46E4;
			remoteInfo = Logout;
		};
		7A15C78B197C657200B0DD69 /* PBXContainerItemProxy */ = {
			isa = PBXContainerItemProxy;
			containerPortal = 7A15C745197C657100B0DD69 /* ShareKit.xcodeproj */;
			proxyType = 2;
			remoteGlobalIDString = AABBECE4162F07B4009D46E4;
			remoteInfo = "Open in Safari";
		};
		7A15C78D197C657200B0DD69 /* PBXContainerItemProxy */ = {
			isa = PBXContainerItemProxy;
			containerPortal = 7A15C745197C657100B0DD69 /* ShareKit.xcodeproj */;
			proxyType = 2;
			remoteGlobalIDString = AABBECBE162F063F009D46E4;
			remoteInfo = Print;
		};
		7A15C78F197C657200B0DD69 /* PBXContainerItemProxy */ = {
			isa = PBXContainerItemProxy;
			containerPortal = 7A15C745197C657100B0DD69 /* ShareKit.xcodeproj */;
			proxyType = 2;
			remoteGlobalIDString = AABBECED162F07DF009D46E4;
			remoteInfo = "Save to Album";
		};
		7A15C791197C657200B0DD69 /* PBXContainerItemProxy */ = {
			isa = PBXContainerItemProxy;
			containerPortal = 7A15C745197C657100B0DD69 /* ShareKit.xcodeproj */;
			proxyType = 2;
			remoteGlobalIDString = AABBECF6162F080F009D46E4;
			remoteInfo = "Text Message";
		};
		7A15C793197C657200B0DD69 /* PBXContainerItemProxy */ = {
			isa = PBXContainerItemProxy;
			containerPortal = 7A15C745197C657100B0DD69 /* ShareKit.xcodeproj */;
			proxyType = 2;
			remoteGlobalIDString = AABBED08162F0858009D46E4;
			remoteInfo = Delicious;
		};
		7A15C795197C657200B0DD69 /* PBXContainerItemProxy */ = {
			isa = PBXContainerItemProxy;
			containerPortal = 7A15C745197C657100B0DD69 /* ShareKit.xcodeproj */;
			proxyType = 2;
			remoteGlobalIDString = AABBED11162F087F009D46E4;
			remoteInfo = Diigo;
		};
		7A15C797197C657200B0DD69 /* PBXContainerItemProxy */ = {
			isa = PBXContainerItemProxy;
			containerPortal = 7A15C745197C657100B0DD69 /* ShareKit.xcodeproj */;
			proxyType = 2;
			remoteGlobalIDString = AABBED24162F08E6009D46E4;
			remoteInfo = Evernote;
		};
		7A15C799197C657200B0DD69 /* PBXContainerItemProxy */ = {
			isa = PBXContainerItemProxy;
			containerPortal = 7A15C745197C657100B0DD69 /* ShareKit.xcodeproj */;
			proxyType = 2;
			remoteGlobalIDString = 7A1AFCE2160E127B0086B98A;
			remoteInfo = "Evernote SDK";
		};
		7A15C79B197C657200B0DD69 /* PBXContainerItemProxy */ = {
			isa = PBXContainerItemProxy;
			containerPortal = 7A15C745197C657100B0DD69 /* ShareKit.xcodeproj */;
			proxyType = 2;
			remoteGlobalIDString = AABBED37162F0B65009D46E4;
			remoteInfo = Facebook;
		};
		7A15C79D197C657200B0DD69 /* PBXContainerItemProxy */ = {
			isa = PBXContainerItemProxy;
			containerPortal = 7A15C745197C657100B0DD69 /* ShareKit.xcodeproj */;
			proxyType = 2;
			remoteGlobalIDString = AABBED46162F0B86009D46E4;
			remoteInfo = FoursquareV2;
		};
		7A15C79F197C657200B0DD69 /* PBXContainerItemProxy */ = {
			isa = PBXContainerItemProxy;
			containerPortal = 7A15C745197C657100B0DD69 /* ShareKit.xcodeproj */;
			proxyType = 2;
			remoteGlobalIDString = AABBED50162F0BA7009D46E4;
			remoteInfo = Flickr;
		};
		7A15C7A1197C657200B0DD69 /* PBXContainerItemProxy */ = {
			isa = PBXContainerItemProxy;
			containerPortal = 7A15C745197C657100B0DD69 /* ShareKit.xcodeproj */;
			proxyType = 2;
			remoteGlobalIDString = 4503EBC0169104470057294C;
			remoteInfo = "Google Plus";
		};
		7A15C7A3197C657200B0DD69 /* PBXContainerItemProxy */ = {
			isa = PBXContainerItemProxy;
			containerPortal = 7A15C745197C657100B0DD69 /* ShareKit.xcodeproj */;
			proxyType = 2;
			remoteGlobalIDString = 7A16F3C216134A890019645D;
			remoteInfo = Instagram;
		};
		7A15C7A5197C657200B0DD69 /* PBXContainerItemProxy */ = {
			isa = PBXContainerItemProxy;
			containerPortal = 7A15C745197C657100B0DD69 /* ShareKit.xcodeproj */;
			proxyType = 2;
			remoteGlobalIDString = AABBED62162F0BE8009D46E4;
			remoteInfo = Instapaper;
		};
		7A15C7A7197C657200B0DD69 /* PBXContainerItemProxy */ = {
			isa = PBXContainerItemProxy;
			containerPortal = 7A15C745197C657100B0DD69 /* ShareKit.xcodeproj */;
			proxyType = 2;
			remoteGlobalIDString = AABBECFF162F0835009D46E4;
			remoteInfo = Kippt;
		};
		7A15C7A9197C657200B0DD69 /* PBXContainerItemProxy */ = {
			isa = PBXContainerItemProxy;
			containerPortal = 7A15C745197C657100B0DD69 /* ShareKit.xcodeproj */;
			proxyType = 2;
			remoteGlobalIDString = AABBED6B162F0C03009D46E4;
			remoteInfo = LinkedIn;
		};
		7A15C7AB197C657200B0DD69 /* PBXContainerItemProxy */ = {
			isa = PBXContainerItemProxy;
			containerPortal = 7A15C745197C657100B0DD69 /* ShareKit.xcodeproj */;
			proxyType = 2;
			remoteGlobalIDString = AABBED74162F0C1A009D46E4;
			remoteInfo = Pinboard;
		};
		7A15C7AD197C657200B0DD69 /* PBXContainerItemProxy */ = {
			isa = PBXContainerItemProxy;
			containerPortal = 7A15C745197C657100B0DD69 /* ShareKit.xcodeproj */;
			proxyType = 2;
			remoteGlobalIDString = 949BCB8C172A993000D706D4;
			remoteInfo = Buffer;
		};
		7A15C7AF197C657200B0DD69 /* PBXContainerItemProxy */ = {
			isa = PBXContainerItemProxy;
			containerPortal = 7A15C745197C657100B0DD69 /* ShareKit.xcodeproj */;
			proxyType = 2;
			remoteGlobalIDString = 7AC2A3A016597F4C0089ABE8;
			remoteInfo = "Sina Weibo";
		};
		7A15C7B1197C657200B0DD69 /* PBXContainerItemProxy */ = {
			isa = PBXContainerItemProxy;
			containerPortal = 7A15C745197C657100B0DD69 /* ShareKit.xcodeproj */;
			proxyType = 2;
			remoteGlobalIDString = AABBED86162F0C4D009D46E4;
			remoteInfo = Tumbl;
		};
		7A15C7B3197C657200B0DD69 /* PBXContainerItemProxy */ = {
			isa = PBXContainerItemProxy;
			containerPortal = 7A15C745197C657100B0DD69 /* ShareKit.xcodeproj */;
			proxyType = 2;
			remoteGlobalIDString = 7A1AFD3A160E14340086B98A;
			remoteInfo = Twitter;
		};
		7A15C7B5197C657200B0DD69 /* PBXContainerItemProxy */ = {
			isa = PBXContainerItemProxy;
			containerPortal = 7A15C745197C657100B0DD69 /* ShareKit.xcodeproj */;
			proxyType = 2;
			remoteGlobalIDString = AABBED1B162F08A3009D46E4;
			remoteInfo = VKontakte;
		};
		7A15C7B9197C657200B0DD69 /* PBXContainerItemProxy */ = {
			isa = PBXContainerItemProxy;
			containerPortal = 7A15C745197C657100B0DD69 /* ShareKit.xcodeproj */;
			proxyType = 2;
			remoteGlobalIDString = 7A49DBC316BC193E004B7E78;
			remoteInfo = Readability;
		};
		7A15C7BB197C657200B0DD69 /* PBXContainerItemProxy */ = {
			isa = PBXContainerItemProxy;
			containerPortal = 7A15C745197C657100B0DD69 /* ShareKit.xcodeproj */;
			proxyType = 2;
			remoteGlobalIDString = 7A203D0A16EB7DA200421995;
			remoteInfo = Hatena;
		};
		7A15C7BD197C657200B0DD69 /* PBXContainerItemProxy */ = {
			isa = PBXContainerItemProxy;
			containerPortal = 7A15C745197C657100B0DD69 /* ShareKit.xcodeproj */;
			proxyType = 2;
			remoteGlobalIDString = 7AAE8CA516EB960500429C51;
			remoteInfo = Plurk;
		};
		7A15C7BF197C657200B0DD69 /* PBXContainerItemProxy */ = {
			isa = PBXContainerItemProxy;
			containerPortal = 7A15C745197C657100B0DD69 /* ShareKit.xcodeproj */;
			proxyType = 2;
			remoteGlobalIDString = DE334C2116F3339300FF692B;
			remoteInfo = Dropbox;
		};
		7A15C7C1197C657200B0DD69 /* PBXContainerItemProxy */ = {
			isa = PBXContainerItemProxy;
			containerPortal = 7A15C745197C657100B0DD69 /* ShareKit.xcodeproj */;
			proxyType = 2;
			remoteGlobalIDString = 7AECF322171D5194000722FA;
			remoteInfo = YouTube;
		};
		7A15C7C3197C657200B0DD69 /* PBXContainerItemProxy */ = {
			isa = PBXContainerItemProxy;
			containerPortal = 7A15C745197C657100B0DD69 /* ShareKit.xcodeproj */;
			proxyType = 2;
			remoteGlobalIDString = 7AECF32C171D51C3000722FA;
			remoteInfo = "YouTube SDK";
		};
		7A15C7C5197C657200B0DD69 /* PBXContainerItemProxy */ = {
			isa = PBXContainerItemProxy;
			containerPortal = 7A15C745197C657100B0DD69 /* ShareKit.xcodeproj */;
			proxyType = 2;
			remoteGlobalIDString = 7A4E465A173E2B2900CCEE80;
			remoteInfo = Pocket;
		};
		7A15C7C7197C657200B0DD69 /* PBXContainerItemProxy */ = {
			isa = PBXContainerItemProxy;
			containerPortal = 7A15C745197C657100B0DD69 /* ShareKit.xcodeproj */;
			proxyType = 2;
			remoteGlobalIDString = 7A4E4663173E2C2500CCEE80;
			remoteInfo = "Pocket SDK";
		};
		7A15C7C9197C657200B0DD69 /* PBXContainerItemProxy */ = {
			isa = PBXContainerItemProxy;
			containerPortal = 7A15C745197C657100B0DD69 /* ShareKit.xcodeproj */;
			proxyType = 2;
			remoteGlobalIDString = 7A8C03BE1848CDEE008E4C0A;
			remoteInfo = "Static Library Tests";
		};
		7A15C7CB197C657200B0DD69 /* PBXContainerItemProxy */ = {
			isa = PBXContainerItemProxy;
			containerPortal = 7A15C745197C657100B0DD69 /* ShareKit.xcodeproj */;
			proxyType = 2;
			remoteGlobalIDString = 7ADB643918C5BF3B00B5AF7F;
			remoteInfo = PKMultipartInputStream;
		};
		7A15C7CD197C657200B0DD69 /* PBXContainerItemProxy */ = {
			isa = PBXContainerItemProxy;
			containerPortal = 7A15C745197C657100B0DD69 /* ShareKit.xcodeproj */;
			proxyType = 2;
			remoteGlobalIDString = 4932D60E18DCBD840075FEE8;
			remoteInfo = Imgur;
		};
		7A15C7CF197C657200B0DD69 /* PBXContainerItemProxy */ = {
			isa = PBXContainerItemProxy;
			containerPortal = 7A15C745197C657100B0DD69 /* ShareKit.xcodeproj */;
			proxyType = 2;
			remoteGlobalIDString = AC2195F318EA885C003DF6BD;
			remoteInfo = OneNote;
		};
		7A15C7D1197C657200B0DD69 /* PBXContainerItemProxy */ = {
			isa = PBXContainerItemProxy;
			containerPortal = 7A15C745197C657100B0DD69 /* ShareKit.xcodeproj */;
			proxyType = 2;
			remoteGlobalIDString = 7A70B2AF191C7E950070C5FB;
			remoteInfo = Pinterest;
		};
		7A15C7D3197C657200B0DD69 /* PBXContainerItemProxy */ = {
			isa = PBXContainerItemProxy;
			containerPortal = 7A15C745197C657100B0DD69 /* ShareKit.xcodeproj */;
			proxyType = 2;
			remoteGlobalIDString = 7AB8A568192505B200EC73A2;
			remoteInfo = SDWebImage;
		};
		7A15C7D5197C657200B0DD69 /* PBXContainerItemProxy */ = {
			isa = PBXContainerItemProxy;
			containerPortal = 7A15C745197C657100B0DD69 /* ShareKit.xcodeproj */;
			proxyType = 2;
			remoteGlobalIDString = C4823E1B192932780099673A;
			remoteInfo = "Open in Chrome";
		};
		7A15C7D7197C657200B0DD69 /* PBXContainerItemProxy */ = {
			isa = PBXContainerItemProxy;
			containerPortal = 7A15C745197C657100B0DD69 /* ShareKit.xcodeproj */;
			proxyType = 2;
			remoteGlobalIDString = C4823E2E192936150099673A;
			remoteInfo = "Open in 1Password";
		};
		7A15C7D9197C657200B0DD69 /* PBXContainerItemProxy */ = {
			isa = PBXContainerItemProxy;
			containerPortal = 7A15C745197C657100B0DD69 /* ShareKit.xcodeproj */;
			proxyType = 2;
			remoteGlobalIDString = C4B15457192E077E0080EBE3;
			remoteInfo = "Reading List";
		};
		7A15C7DB197C659E00B0DD69 /* PBXContainerItemProxy */ = {
			isa = PBXContainerItemProxy;
			containerPortal = 7A15C745197C657100B0DD69 /* ShareKit.xcodeproj */;
			proxyType = 1;
			remoteGlobalIDString = 7AB5342D1552AADD00171BCE;
			remoteInfo = "Static Library";
		};
		7A15C7DD197C65A200B0DD69 /* PBXContainerItemProxy */ = {
			isa = PBXContainerItemProxy;
			containerPortal = 7A15C745197C657100B0DD69 /* ShareKit.xcodeproj */;
			proxyType = 1;
			remoteGlobalIDString = 7AB5360E1552E26800171BCE;
			remoteInfo = "Resource Bundle";
		};
		7A278EBC1A94D2C80065B351 /* PBXContainerItemProxy */ = {
			isa = PBXContainerItemProxy;
			containerPortal = 7A15C745197C657100B0DD69 /* ShareKit.xcodeproj */;
			proxyType = 2;
			remoteGlobalIDString = 7A278E801A93D0B90065B351;
			remoteInfo = WhatsApp;
		};
		7A74C8A41A4981C200F1F6B0 /* PBXContainerItemProxy */ = {
			isa = PBXContainerItemProxy;
			containerPortal = 7A15C745197C657100B0DD69 /* ShareKit.xcodeproj */;
			proxyType = 2;
			remoteGlobalIDString = 7A5340CA1A1F3B6100659425;
			remoteInfo = "iso-8601-date-formatter";
		};
/* End PBXContainerItemProxy section */

/* Begin PBXFileReference section */
		3A8BB8C3E0940F7F7CB5A352 /* Pods.release.xcconfig */ = {isa = PBXFileReference; includeInIndex = 1; lastKnownFileType = text.xcconfig; name = Pods.release.xcconfig; path = "Pods/Target Support Files/Pods/Pods.release.xcconfig"; sourceTree = "<group>"; };
		7A15C6FB197C5E2800B0DD69 /* ShareKit Demo App.app */ = {isa = PBXFileReference; explicitFileType = wrapper.application; includeInIndex = 0; path = "ShareKit Demo App.app"; sourceTree = BUILT_PRODUCTS_DIR; };
		7A15C6FE197C5E2800B0DD69 /* Foundation.framework */ = {isa = PBXFileReference; lastKnownFileType = wrapper.framework; name = Foundation.framework; path = System/Library/Frameworks/Foundation.framework; sourceTree = SDKROOT; };
		7A15C700197C5E2800B0DD69 /* CoreGraphics.framework */ = {isa = PBXFileReference; lastKnownFileType = wrapper.framework; name = CoreGraphics.framework; path = System/Library/Frameworks/CoreGraphics.framework; sourceTree = SDKROOT; };
		7A15C702197C5E2800B0DD69 /* UIKit.framework */ = {isa = PBXFileReference; lastKnownFileType = wrapper.framework; name = UIKit.framework; path = System/Library/Frameworks/UIKit.framework; sourceTree = SDKROOT; };
		7A15C706197C5E2800B0DD69 /* ShareKit Demo App-Info.plist */ = {isa = PBXFileReference; lastKnownFileType = text.plist.xml; path = "ShareKit Demo App-Info.plist"; sourceTree = "<group>"; };
		7A15C708197C5E2800B0DD69 /* en */ = {isa = PBXFileReference; lastKnownFileType = text.plist.strings; name = en; path = en.lproj/InfoPlist.strings; sourceTree = "<group>"; };
		7A15C70A197C5E2800B0DD69 /* main.m */ = {isa = PBXFileReference; lastKnownFileType = sourcecode.c.objc; path = main.m; sourceTree = "<group>"; };
		7A15C70C197C5E2800B0DD69 /* ShareKit Demo App-Prefix.pch */ = {isa = PBXFileReference; lastKnownFileType = sourcecode.c.h; path = "ShareKit Demo App-Prefix.pch"; sourceTree = "<group>"; };
		7A15C710197C5E2800B0DD69 /* Images.xcassets */ = {isa = PBXFileReference; lastKnownFileType = folder.assetcatalog; name = Images.xcassets; path = "ShareKit Demo App/Images.xcassets"; sourceTree = "<group>"; };
		7A15C717197C5E2800B0DD69 /* XCTest.framework */ = {isa = PBXFileReference; lastKnownFileType = wrapper.framework; name = XCTest.framework; path = Library/Frameworks/XCTest.framework; sourceTree = DEVELOPER_DIR; };
		7A15C71F197C5E2800B0DD69 /* ShareKit Demo AppTests-Info.plist */ = {isa = PBXFileReference; lastKnownFileType = text.plist.xml; path = "ShareKit Demo AppTests-Info.plist"; sourceTree = "<group>"; };
		7A15C721197C5E2800B0DD69 /* en */ = {isa = PBXFileReference; lastKnownFileType = text.plist.strings; name = en; path = en.lproj/InfoPlist.strings; sourceTree = "<group>"; };
		7A15C723197C5E2800B0DD69 /* ShareKit_Demo_AppTests.m */ = {isa = PBXFileReference; lastKnownFileType = sourcecode.c.objc; path = ShareKit_Demo_AppTests.m; sourceTree = "<group>"; };
		7A15C72D197C613900B0DD69 /* ExampleShareFile.h */ = {isa = PBXFileReference; fileEncoding = 4; lastKnownFileType = sourcecode.c.h; path = ExampleShareFile.h; sourceTree = "<group>"; };
		7A15C72E197C613900B0DD69 /* ExampleShareFile.m */ = {isa = PBXFileReference; fileEncoding = 4; lastKnownFileType = sourcecode.c.objc; path = ExampleShareFile.m; sourceTree = "<group>"; };
		7A15C72F197C613900B0DD69 /* ExampleShareImage.h */ = {isa = PBXFileReference; fileEncoding = 4; lastKnownFileType = sourcecode.c.h; path = ExampleShareImage.h; sourceTree = "<group>"; };
		7A15C730197C613900B0DD69 /* ExampleShareImage.m */ = {isa = PBXFileReference; fileEncoding = 4; lastKnownFileType = sourcecode.c.objc; path = ExampleShareImage.m; sourceTree = "<group>"; };
		7A15C731197C613900B0DD69 /* ExampleShareLink.h */ = {isa = PBXFileReference; fileEncoding = 4; lastKnownFileType = sourcecode.c.h; path = ExampleShareLink.h; sourceTree = "<group>"; };
		7A15C732197C613900B0DD69 /* ExampleShareLink.m */ = {isa = PBXFileReference; fileEncoding = 4; lastKnownFileType = sourcecode.c.objc; path = ExampleShareLink.m; sourceTree = "<group>"; };
		7A15C733197C613900B0DD69 /* ExampleShareText.h */ = {isa = PBXFileReference; fileEncoding = 4; lastKnownFileType = sourcecode.c.h; path = ExampleShareText.h; sourceTree = "<group>"; };
		7A15C734197C613900B0DD69 /* ExampleShareText.m */ = {isa = PBXFileReference; fileEncoding = 4; lastKnownFileType = sourcecode.c.objc; path = ExampleShareText.m; sourceTree = "<group>"; };
		7A15C735197C613900B0DD69 /* RootViewController.h */ = {isa = PBXFileReference; fileEncoding = 4; lastKnownFileType = sourcecode.c.h; path = RootViewController.h; sourceTree = "<group>"; };
		7A15C736197C613900B0DD69 /* RootViewController.m */ = {isa = PBXFileReference; fileEncoding = 4; lastKnownFileType = sourcecode.c.objc; path = RootViewController.m; sourceTree = "<group>"; };
		7A15C737197C613900B0DD69 /* RootViewController.xib */ = {isa = PBXFileReference; fileEncoding = 4; lastKnownFileType = file.xib; path = RootViewController.xib; sourceTree = "<group>"; };
		7A15C738197C613900B0DD69 /* ShareKitAppDelegate.h */ = {isa = PBXFileReference; fileEncoding = 4; lastKnownFileType = sourcecode.c.h; path = ShareKitAppDelegate.h; sourceTree = "<group>"; };
		7A15C739197C613900B0DD69 /* ShareKitAppDelegate.m */ = {isa = PBXFileReference; fileEncoding = 4; lastKnownFileType = sourcecode.c.objc; path = ShareKitAppDelegate.m; sourceTree = "<group>"; };
		7A15C73A197C613900B0DD69 /* ShareKitDemoConfigurator.h */ = {isa = PBXFileReference; fileEncoding = 4; lastKnownFileType = sourcecode.c.h; path = ShareKitDemoConfigurator.h; sourceTree = "<group>"; };
		7A15C73B197C613900B0DD69 /* ShareKitDemoConfigurator.m */ = {isa = PBXFileReference; fileEncoding = 4; lastKnownFileType = sourcecode.c.objc; path = ShareKitDemoConfigurator.m; sourceTree = "<group>"; };
		7A15C745197C657100B0DD69 /* ShareKit.xcodeproj */ = {isa = PBXFileReference; lastKnownFileType = "wrapper.pb-project"; name = ShareKit.xcodeproj; path = Submodules/ShareKit/ShareKit.xcodeproj; sourceTree = "<group>"; };
		7A15C7E1197C662200B0DD69 /* SystemConfiguration.framework */ = {isa = PBXFileReference; lastKnownFileType = wrapper.framework; name = SystemConfiguration.framework; path = System/Library/Frameworks/SystemConfiguration.framework; sourceTree = SDKROOT; };
		7A15C7E3197C662E00B0DD69 /* Security.framework */ = {isa = PBXFileReference; lastKnownFileType = wrapper.framework; name = Security.framework; path = System/Library/Frameworks/Security.framework; sourceTree = SDKROOT; };
		7A15C7E5197C663500B0DD69 /* MessageUI.framework */ = {isa = PBXFileReference; lastKnownFileType = wrapper.framework; name = MessageUI.framework; path = System/Library/Frameworks/MessageUI.framework; sourceTree = SDKROOT; };
		7A15C7E7197C663D00B0DD69 /* MobileCoreServices.framework */ = {isa = PBXFileReference; lastKnownFileType = wrapper.framework; name = MobileCoreServices.framework; path = System/Library/Frameworks/MobileCoreServices.framework; sourceTree = SDKROOT; };
		7A15C7E9197C664600B0DD69 /* CoreMedia.framework */ = {isa = PBXFileReference; lastKnownFileType = wrapper.framework; name = CoreMedia.framework; path = System/Library/Frameworks/CoreMedia.framework; sourceTree = SDKROOT; };
		7A15C7EB197C664D00B0DD69 /* AVFoundation.framework */ = {isa = PBXFileReference; lastKnownFileType = wrapper.framework; name = AVFoundation.framework; path = System/Library/Frameworks/AVFoundation.framework; sourceTree = SDKROOT; };
		7A15C7ED197C666300B0DD69 /* CFNetwork.framework */ = {isa = PBXFileReference; lastKnownFileType = wrapper.framework; name = CFNetwork.framework; path = System/Library/Frameworks/CFNetwork.framework; sourceTree = SDKROOT; };
		7A15C7EF197C666B00B0DD69 /* CoreLocation.framework */ = {isa = PBXFileReference; lastKnownFileType = wrapper.framework; name = CoreLocation.framework; path = System/Library/Frameworks/CoreLocation.framework; sourceTree = SDKROOT; };
		7A15C7F1197C66A100B0DD69 /* AdSupport.framework */ = {isa = PBXFileReference; lastKnownFileType = wrapper.framework; name = AdSupport.framework; path = System/Library/Frameworks/AdSupport.framework; sourceTree = SDKROOT; };
		7A15C7F3197C66AC00B0DD69 /* Accounts.framework */ = {isa = PBXFileReference; lastKnownFileType = wrapper.framework; name = Accounts.framework; path = System/Library/Frameworks/Accounts.framework; sourceTree = SDKROOT; };
		7A15C7F5197C66B800B0DD69 /* libsqlite3.0.dylib */ = {isa = PBXFileReference; lastKnownFileType = "compiled.mach-o.dylib"; name = libsqlite3.0.dylib; path = usr/lib/libsqlite3.0.dylib; sourceTree = SDKROOT; };
		7A15C7F7197C66C100B0DD69 /* Social.framework */ = {isa = PBXFileReference; lastKnownFileType = wrapper.framework; name = Social.framework; path = System/Library/Frameworks/Social.framework; sourceTree = SDKROOT; };
		7A15C7F9197C66CD00B0DD69 /* StoreKit.framework */ = {isa = PBXFileReference; lastKnownFileType = wrapper.framework; name = StoreKit.framework; path = System/Library/Frameworks/StoreKit.framework; sourceTree = SDKROOT; };
		7A15C7FB197C66D700B0DD69 /* libxml2.dylib */ = {isa = PBXFileReference; lastKnownFileType = "compiled.mach-o.dylib"; name = libxml2.dylib; path = usr/lib/libxml2.dylib; sourceTree = SDKROOT; };
		7A15C7FD197C66DF00B0DD69 /* QuartzCore.framework */ = {isa = PBXFileReference; lastKnownFileType = wrapper.framework; name = QuartzCore.framework; path = System/Library/Frameworks/QuartzCore.framework; sourceTree = SDKROOT; };
		7A15C7FF197C66E900B0DD69 /* MediaPlayer.framework */ = {isa = PBXFileReference; lastKnownFileType = wrapper.framework; name = MediaPlayer.framework; path = System/Library/Frameworks/MediaPlayer.framework; sourceTree = SDKROOT; };
		7A15C801197C66F000B0DD69 /* AssetsLibrary.framework */ = {isa = PBXFileReference; lastKnownFileType = wrapper.framework; name = AssetsLibrary.framework; path = System/Library/Frameworks/AssetsLibrary.framework; sourceTree = SDKROOT; };
		7A15C803197C66F700B0DD69 /* CoreText.framework */ = {isa = PBXFileReference; lastKnownFileType = wrapper.framework; name = CoreText.framework; path = System/Library/Frameworks/CoreText.framework; sourceTree = SDKROOT; };
		7A15C805197C66FE00B0DD69 /* CoreMotion.framework */ = {isa = PBXFileReference; lastKnownFileType = wrapper.framework; name = CoreMotion.framework; path = System/Library/Frameworks/CoreMotion.framework; sourceTree = SDKROOT; };
		7A15C807197C670700B0DD69 /* AddressBook.framework */ = {isa = PBXFileReference; lastKnownFileType = wrapper.framework; name = AddressBook.framework; path = System/Library/Frameworks/AddressBook.framework; sourceTree = SDKROOT; };
		7A15C809197C670F00B0DD69 /* ImageIO.framework */ = {isa = PBXFileReference; lastKnownFileType = wrapper.framework; name = ImageIO.framework; path = System/Library/Frameworks/ImageIO.framework; sourceTree = SDKROOT; };
		7A15C815197C67C700B0DD69 /* DropboxSDK.framework */ = {isa = PBXFileReference; lastKnownFileType = wrapper.framework; name = DropboxSDK.framework; path = Submodules/ShareKit/Frameworks/DropboxSDK.framework; sourceTree = "<group>"; };
		7A15C816197C67C700B0DD69 /* FacebookSDK.framework */ = {isa = PBXFileReference; lastKnownFileType = wrapper.framework; name = FacebookSDK.framework; path = Submodules/ShareKit/Frameworks/FacebookSDK.framework; sourceTree = "<group>"; };
		7A15C817197C67C700B0DD69 /* GoogleOpenSource.framework */ = {isa = PBXFileReference; lastKnownFileType = wrapper.framework; name = GoogleOpenSource.framework; path = Submodules/ShareKit/Frameworks/GoogleOpenSource.framework; sourceTree = "<group>"; };
		7A15C818197C67C700B0DD69 /* GooglePlus.bundle */ = {isa = PBXFileReference; lastKnownFileType = "wrapper.plug-in"; name = GooglePlus.bundle; path = Submodules/ShareKit/Frameworks/GooglePlus.bundle; sourceTree = "<group>"; };
		7A15C819197C67C700B0DD69 /* GooglePlus.framework */ = {isa = PBXFileReference; lastKnownFileType = wrapper.framework; name = GooglePlus.framework; path = Submodules/ShareKit/Frameworks/GooglePlus.framework; sourceTree = "<group>"; };
		7A15C81A197C67C700B0DD69 /* LiveSDK.framework */ = {isa = PBXFileReference; lastKnownFileType = wrapper.framework; name = LiveSDK.framework; path = Submodules/ShareKit/Frameworks/LiveSDK.framework; sourceTree = "<group>"; };
		7A15C81C197C67C700B0DD69 /* Pinterest.framework */ = {isa = PBXFileReference; lastKnownFileType = wrapper.framework; path = Pinterest.framework; sourceTree = "<group>"; };
		7A15C81E197C67C700B0DD69 /* PinterestSDKResources.bundle */ = {isa = PBXFileReference; lastKnownFileType = "wrapper.plug-in"; path = PinterestSDKResources.bundle; sourceTree = "<group>"; };
		7A15C82B197C6C2300B0DD69 /* SafariServices.framework */ = {isa = PBXFileReference; lastKnownFileType = wrapper.framework; name = SafariServices.framework; path = System/Library/Frameworks/SafariServices.framework; sourceTree = SDKROOT; };
		7A15C82D197C6DEF00B0DD69 /* MainWindow.xib */ = {isa = PBXFileReference; fileEncoding = 4; lastKnownFileType = file.xib; path = MainWindow.xib; sourceTree = "<group>"; };
		7A15C82F197C6E6E00B0DD69 /* demo_audio_share.mp3 */ = {isa = PBXFileReference; lastKnownFileType = audio.mp3; name = demo_audio_share.mp3; path = "ShareKit Demo App/demo_audio_share.mp3"; sourceTree = "<group>"; };
		7A15C830197C6E6E00B0DD69 /* demo_large_video_share.mp4 */ = {isa = PBXFileReference; lastKnownFileType = file; name = demo_large_video_share.mp4; path = "ShareKit Demo App/demo_large_video_share.mp4"; sourceTree = "<group>"; };
		7A15C831197C6E6E00B0DD69 /* demo_video_share.mov */ = {isa = PBXFileReference; lastKnownFileType = video.quicktime; name = demo_video_share.mov; path = "ShareKit Demo App/demo_video_share.mov"; sourceTree = "<group>"; };
		7A15C832197C6E6E00B0DD69 /* example.pdf */ = {isa = PBXFileReference; lastKnownFileType = image.pdf; name = example.pdf; path = "ShareKit Demo App/example.pdf"; sourceTree = "<group>"; };
		7A15C833197C6E6E00B0DD69 /* sanFran.jpg */ = {isa = PBXFileReference; lastKnownFileType = image.jpeg; name = sanFran.jpg; path = "ShareKit Demo App/sanFran.jpg"; sourceTree = "<group>"; };
		7A278E8A1A94D2C80065B351 /* largeImage.JPG */ = {isa = PBXFileReference; lastKnownFileType = image.jpeg; name = largeImage.JPG; path = "ShareKit Demo App/largeImage.JPG"; sourceTree = "<group>"; };
		7A3C2F401996DDBA00CEBBFA /* Podfile */ = {isa = PBXFileReference; fileEncoding = 4; lastKnownFileType = text; path = Podfile; sourceTree = SOURCE_ROOT; xcLanguageSpecificationIdentifier = xcode.lang.ruby; };
		7ABAAE8219AF226E005C344F /* .travis.yml */ = {isa = PBXFileReference; lastKnownFileType = text; path = .travis.yml; sourceTree = "<group>"; xcLanguageSpecificationIdentifier = xcode.lang.ruby; };
		7ACDD3B3197D6E5400373DC3 /* ShareKit Demo App (CocoaPods).app */ = {isa = PBXFileReference; explicitFileType = wrapper.application; includeInIndex = 0; path = "ShareKit Demo App (CocoaPods).app"; sourceTree = BUILT_PRODUCTS_DIR; };
		7ACDD3BB197D6E5400373DC3 /* en */ = {isa = PBXFileReference; lastKnownFileType = text.plist.strings; name = en; path = en.lproj/InfoPlist.strings; sourceTree = "<group>"; };
		7ACDD3BF197D6E5400373DC3 /* ShareKit Demo App (CocoaPods)-Prefix.pch */ = {isa = PBXFileReference; lastKnownFileType = sourcecode.c.h; path = "ShareKit Demo App (CocoaPods)-Prefix.pch"; sourceTree = "<group>"; };
		7ACDD3C3197D6E5400373DC3 /* Images.xcassets */ = {isa = PBXFileReference; lastKnownFileType = folder.assetcatalog; path = Images.xcassets; sourceTree = "<group>"; };
		7ACDD3D1197D6E5500373DC3 /* ShareKit Demo App (CocoaPods)Tests-Info.plist */ = {isa = PBXFileReference; lastKnownFileType = text.plist.xml; path = "ShareKit Demo App (CocoaPods)Tests-Info.plist"; sourceTree = "<group>"; };
		7ACDD3D3197D6E5500373DC3 /* en */ = {isa = PBXFileReference; lastKnownFileType = text.plist.strings; name = en; path = en.lproj/InfoPlist.strings; sourceTree = "<group>"; };
		7ACDD3D5197D6E5500373DC3 /* ShareKit_Demo_App__CocoaPods_Tests.m */ = {isa = PBXFileReference; lastKnownFileType = sourcecode.c.objc; path = ShareKit_Demo_App__CocoaPods_Tests.m; sourceTree = "<group>"; };
		7AE8A0501C2B646B00CE61DE /* GTMOAuth2ViewTouch.xib */ = {isa = PBXFileReference; fileEncoding = 4; lastKnownFileType = file.xib; name = GTMOAuth2ViewTouch.xib; path = "Submodules/google-api-objectivec-client/Deps/gtm-oauth2/Source/Touch/GTMOAuth2ViewTouch.xib"; sourceTree = "<group>"; };
		9D22EBD91737A7B71B223511 /* Pods.debug.xcconfig */ = {isa = PBXFileReference; includeInIndex = 1; lastKnownFileType = text.xcconfig; name = Pods.debug.xcconfig; path = "Pods/Target Support Files/Pods/Pods.debug.xcconfig"; sourceTree = "<group>"; };
		C74A0F6471474BAA9279AC7A /* libPods.a */ = {isa = PBXFileReference; explicitFileType = archive.ar; includeInIndex = 0; path = libPods.a; sourceTree = BUILT_PRODUCTS_DIR; };
/* End PBXFileReference section */

/* Begin PBXFrameworksBuildPhase section */
		7A15C6F8197C5E2800B0DD69 /* Frameworks */ = {
			isa = PBXFrameworksBuildPhase;
			buildActionMask = 2147483647;
			files = (
				7A15C82C197C6C2300B0DD69 /* SafariServices.framework in Frameworks */,
				7A15C80A197C670F00B0DD69 /* ImageIO.framework in Frameworks */,
				7A15C808197C670700B0DD69 /* AddressBook.framework in Frameworks */,
				7A15C806197C66FE00B0DD69 /* CoreMotion.framework in Frameworks */,
				7A15C804197C66F700B0DD69 /* CoreText.framework in Frameworks */,
				7A15C825197C67C800B0DD69 /* Pinterest.framework in Frameworks */,
				7A15C802197C66F000B0DD69 /* AssetsLibrary.framework in Frameworks */,
				7A15C800197C66E900B0DD69 /* MediaPlayer.framework in Frameworks */,
				7A15C7FE197C66DF00B0DD69 /* QuartzCore.framework in Frameworks */,
				7A15C7FC197C66D700B0DD69 /* libxml2.dylib in Frameworks */,
				7A15C7FA197C66CD00B0DD69 /* StoreKit.framework in Frameworks */,
				7A15C7F8197C66C100B0DD69 /* Social.framework in Frameworks */,
				7A15C7F6197C66B800B0DD69 /* libsqlite3.0.dylib in Frameworks */,
				7A15C7F4197C66AC00B0DD69 /* Accounts.framework in Frameworks */,
				7A15C7F2197C66A100B0DD69 /* AdSupport.framework in Frameworks */,
				7A15C7F0197C666B00B0DD69 /* CoreLocation.framework in Frameworks */,
				7A15C7EE197C666300B0DD69 /* CFNetwork.framework in Frameworks */,
				7A15C7EC197C664D00B0DD69 /* AVFoundation.framework in Frameworks */,
				7A15C7EA197C664600B0DD69 /* CoreMedia.framework in Frameworks */,
				7A15C7E8197C663D00B0DD69 /* MobileCoreServices.framework in Frameworks */,
				7A15C81F197C67C700B0DD69 /* DropboxSDK.framework in Frameworks */,
				7A15C7E6197C663500B0DD69 /* MessageUI.framework in Frameworks */,
				7A15C7E4197C662E00B0DD69 /* Security.framework in Frameworks */,
				7A15C7E2197C662200B0DD69 /* SystemConfiguration.framework in Frameworks */,
				7A15C821197C67C800B0DD69 /* GoogleOpenSource.framework in Frameworks */,
				7A15C7DF197C65B800B0DD69 /* libShareKit.a in Frameworks */,
				7A15C820197C67C800B0DD69 /* FacebookSDK.framework in Frameworks */,
				7A15C824197C67C800B0DD69 /* LiveSDK.framework in Frameworks */,
				7A15C823197C67C800B0DD69 /* GooglePlus.framework in Frameworks */,
				7A15C701197C5E2800B0DD69 /* CoreGraphics.framework in Frameworks */,
				7A15C703197C5E2800B0DD69 /* UIKit.framework in Frameworks */,
				7A15C6FF197C5E2800B0DD69 /* Foundation.framework in Frameworks */,
			);
			runOnlyForDeploymentPostprocessing = 0;
		};
		7ACDD3B0197D6E5400373DC3 /* Frameworks */ = {
			isa = PBXFrameworksBuildPhase;
			buildActionMask = 2147483647;
			files = (
				7ACDD3B5197D6E5400373DC3 /* CoreGraphics.framework in Frameworks */,
				7ACDD3B6197D6E5400373DC3 /* UIKit.framework in Frameworks */,
				7ACDD3B4197D6E5400373DC3 /* Foundation.framework in Frameworks */,
				73E1B9FCDFDF44E7A56A1997 /* libPods.a in Frameworks */,
			);
			runOnlyForDeploymentPostprocessing = 0;
		};
/* End PBXFrameworksBuildPhase section */

/* Begin PBXGroup section */
		7A15C6F2197C5E2800B0DD69 = {
			isa = PBXGroup;
			children = (
				7ABAAE8219AF226E005C344F /* .travis.yml */,
				7A15C744197C654F00B0DD69 /* Submodules */,
				7A15C704197C5E2800B0DD69 /* ShareKit Demo App */,
				7A15C71D197C5E2800B0DD69 /* ShareKit Demo AppTests */,
				7ACDD3B7197D6E5400373DC3 /* ShareKit Demo App (CocoaPods) */,
				7ACDD3CF197D6E5400373DC3 /* ShareKit Demo App (CocoaPods)Tests */,
				7A15C6FD197C5E2800B0DD69 /* Frameworks */,
				7A15C6FC197C5E2800B0DD69 /* Products */,
				E6668706742C547E206D3B9C /* Pods */,
			);
			sourceTree = "<group>";
		};
		7A15C6FC197C5E2800B0DD69 /* Products */ = {
			isa = PBXGroup;
			children = (
				7A15C6FB197C5E2800B0DD69 /* ShareKit Demo App.app */,
				7ACDD3B3197D6E5400373DC3 /* ShareKit Demo App (CocoaPods).app */,
			);
			name = Products;
			sourceTree = "<group>";
		};
		7A15C6FD197C5E2800B0DD69 /* Frameworks */ = {
			isa = PBXGroup;
			children = (
				7A15C82B197C6C2300B0DD69 /* SafariServices.framework */,
				7A15C815197C67C700B0DD69 /* DropboxSDK.framework */,
				7A15C816197C67C700B0DD69 /* FacebookSDK.framework */,
				7A15C817197C67C700B0DD69 /* GoogleOpenSource.framework */,
				7A15C818197C67C700B0DD69 /* GooglePlus.bundle */,
				7A15C819197C67C700B0DD69 /* GooglePlus.framework */,
				7A15C81A197C67C700B0DD69 /* LiveSDK.framework */,
				7A15C81B197C67C700B0DD69 /* Pinterest.embeddedframework */,
				7A15C809197C670F00B0DD69 /* ImageIO.framework */,
				7A15C807197C670700B0DD69 /* AddressBook.framework */,
				7A15C805197C66FE00B0DD69 /* CoreMotion.framework */,
				7A15C803197C66F700B0DD69 /* CoreText.framework */,
				7A15C801197C66F000B0DD69 /* AssetsLibrary.framework */,
				7A15C7FF197C66E900B0DD69 /* MediaPlayer.framework */,
				7A15C7FD197C66DF00B0DD69 /* QuartzCore.framework */,
				7A15C7FB197C66D700B0DD69 /* libxml2.dylib */,
				7A15C7F9197C66CD00B0DD69 /* StoreKit.framework */,
				7A15C7F7197C66C100B0DD69 /* Social.framework */,
				7A15C7F5197C66B800B0DD69 /* libsqlite3.0.dylib */,
				7A15C7F3197C66AC00B0DD69 /* Accounts.framework */,
				7A15C7F1197C66A100B0DD69 /* AdSupport.framework */,
				7A15C7EF197C666B00B0DD69 /* CoreLocation.framework */,
				7A15C7ED197C666300B0DD69 /* CFNetwork.framework */,
				7A15C7EB197C664D00B0DD69 /* AVFoundation.framework */,
				7A15C7E9197C664600B0DD69 /* CoreMedia.framework */,
				7A15C7E7197C663D00B0DD69 /* MobileCoreServices.framework */,
				7A15C7E5197C663500B0DD69 /* MessageUI.framework */,
				7A15C7E3197C662E00B0DD69 /* Security.framework */,
				7A15C7E1197C662200B0DD69 /* SystemConfiguration.framework */,
				7A15C6FE197C5E2800B0DD69 /* Foundation.framework */,
				7A15C700197C5E2800B0DD69 /* CoreGraphics.framework */,
				7A15C702197C5E2800B0DD69 /* UIKit.framework */,
				7A15C717197C5E2800B0DD69 /* XCTest.framework */,
				C74A0F6471474BAA9279AC7A /* libPods.a */,
			);
			name = Frameworks;
			sourceTree = "<group>";
		};
		7A15C704197C5E2800B0DD69 /* ShareKit Demo App */ = {
			isa = PBXGroup;
			children = (
				7A15C72D197C613900B0DD69 /* ExampleShareFile.h */,
				7A15C72E197C613900B0DD69 /* ExampleShareFile.m */,
				7A15C72F197C613900B0DD69 /* ExampleShareImage.h */,
				7A15C730197C613900B0DD69 /* ExampleShareImage.m */,
				7A15C731197C613900B0DD69 /* ExampleShareLink.h */,
				7A15C732197C613900B0DD69 /* ExampleShareLink.m */,
				7A15C733197C613900B0DD69 /* ExampleShareText.h */,
				7A15C734197C613900B0DD69 /* ExampleShareText.m */,
				7A15C735197C613900B0DD69 /* RootViewController.h */,
				7A15C736197C613900B0DD69 /* RootViewController.m */,
				7A15C737197C613900B0DD69 /* RootViewController.xib */,
				7A15C738197C613900B0DD69 /* ShareKitAppDelegate.h */,
				7A15C739197C613900B0DD69 /* ShareKitAppDelegate.m */,
				7A15C73A197C613900B0DD69 /* ShareKitDemoConfigurator.h */,
				7A15C73B197C613900B0DD69 /* ShareKitDemoConfigurator.m */,
				7A15C82D197C6DEF00B0DD69 /* MainWindow.xib */,
				7A15C839197C6E8100B0DD69 /* Resources */,
				7A15C705197C5E2800B0DD69 /* Supporting Files */,
			);
			path = "ShareKit Demo App";
			sourceTree = "<group>";
		};
		7A15C705197C5E2800B0DD69 /* Supporting Files */ = {
			isa = PBXGroup;
			children = (
				7A15C706197C5E2800B0DD69 /* ShareKit Demo App-Info.plist */,
				7A15C707197C5E2800B0DD69 /* InfoPlist.strings */,
				7A15C70A197C5E2800B0DD69 /* main.m */,
				7A15C70C197C5E2800B0DD69 /* ShareKit Demo App-Prefix.pch */,
			);
			name = "Supporting Files";
			sourceTree = "<group>";
		};
		7A15C71D197C5E2800B0DD69 /* ShareKit Demo AppTests */ = {
			isa = PBXGroup;
			children = (
				7A15C723197C5E2800B0DD69 /* ShareKit_Demo_AppTests.m */,
				7A15C71E197C5E2800B0DD69 /* Supporting Files */,
			);
			path = "ShareKit Demo AppTests";
			sourceTree = "<group>";
		};
		7A15C71E197C5E2800B0DD69 /* Supporting Files */ = {
			isa = PBXGroup;
			children = (
				7A15C71F197C5E2800B0DD69 /* ShareKit Demo AppTests-Info.plist */,
				7A15C720197C5E2800B0DD69 /* InfoPlist.strings */,
			);
			name = "Supporting Files";
			sourceTree = "<group>";
		};
		7A15C744197C654F00B0DD69 /* Submodules */ = {
			isa = PBXGroup;
			children = (
				7A15C745197C657100B0DD69 /* ShareKit.xcodeproj */,
			);
			name = Submodules;
			sourceTree = "<group>";
		};
		7A15C746197C657100B0DD69 /* Products */ = {
			isa = PBXGroup;
			children = (
				7A15C77A197C657200B0DD69 /* libShareKit.a */,
				7A15C77C197C657200B0DD69 /* ShareKit.bundle */,
				7A15C77E197C657200B0DD69 /* libShareKitCore.a */,
				7A15C780197C657200B0DD69 /* libSSKeyChain.a */,
				7A15C782197C657200B0DD69 /* libOAuth.a */,
				7A15C784197C657200B0DD69 /* libReachability.a */,
				7A15C786197C657200B0DD69 /* libCopy.a */,
				7A15C788197C657200B0DD69 /* libEmail.a */,
				7A15C78A197C657200B0DD69 /* libLogout.a */,
				7A15C78C197C657200B0DD69 /* libOpen in Safari.a */,
				7A15C78E197C657200B0DD69 /* libPrint.a */,
				7A15C790197C657200B0DD69 /* libSave to Album.a */,
				7A15C792197C657200B0DD69 /* libText Message.a */,
				7A15C794197C657200B0DD69 /* libDelicious.a */,
				7A15C796197C657200B0DD69 /* libDiigo.a */,
				7A15C798197C657200B0DD69 /* libEvernote.a */,
				7A15C79A197C657200B0DD69 /* libEvernote SDK.a */,
				7A15C79C197C657200B0DD69 /* libFacebook.a */,
				7A15C79E197C657200B0DD69 /* libFoursquareV2.a */,
				7A15C7A0197C657200B0DD69 /* libFlickr.a */,
				7A15C7A2197C657200B0DD69 /* libGoogle Plus.a */,
				7A15C7A4197C657200B0DD69 /* libInstagram.a */,
				7A15C7A6197C657200B0DD69 /* libInstapaper.a */,
				7A15C7A8197C657200B0DD69 /* libKippt.a */,
				7A15C7AA197C657200B0DD69 /* libLinkedIn.a */,
				7A15C7AC197C657200B0DD69 /* libPinboard.a */,
				7A15C7AE197C657200B0DD69 /* libBuffer.a */,
				7A15C7B0197C657200B0DD69 /* libSina Weibo.a */,
				7A15C7B2197C657200B0DD69 /* libTumblr.a */,
				7A15C7B4197C657200B0DD69 /* libTwitter.a */,
				7A15C7B6197C657200B0DD69 /* libVKontakte.a */,
				7A15C7BA197C657200B0DD69 /* libReadability.a */,
				7A15C7BC197C657200B0DD69 /* libHatena.a */,
				7A15C7BE197C657200B0DD69 /* libPlurk.a */,
				7A15C7C0197C657200B0DD69 /* libDropbox.a */,
				7A15C7C2197C657200B0DD69 /* libYouTube.a */,
				7A15C7C4197C657200B0DD69 /* libYouTube SDK.a */,
				7A15C7C6197C657200B0DD69 /* libPocket.a */,
				7A15C7C8197C657200B0DD69 /* libPocket SDK.a */,
				7A15C7CA197C657200B0DD69 /* Static Library Tests.xctest */,
				7A15C7CC197C657200B0DD69 /* libPKMultipartInputStream.a */,
				7A15C7CE197C657200B0DD69 /* libImgur.a */,
				7A15C7D0197C657200B0DD69 /* libOneNote.a */,
				7A15C7D2197C657200B0DD69 /* libPinterest.a */,
				7A15C7D4197C657200B0DD69 /* libSDWebImage.a */,
				7A15C7D6197C657200B0DD69 /* libOpen in Chrome.a */,
				7A15C7D8197C657200B0DD69 /* libOpen in 1Password.a */,
				7A15C7DA197C657200B0DD69 /* libReadingList.a */,
				7A74C8A51A4981C200F1F6B0 /* libiso-8601-date-formatter.a */,
				7A278EBD1A94D2C80065B351 /* libWhatsApp.a */,
			);
			name = Products;
			sourceTree = "<group>";
		};
		7A15C81B197C67C700B0DD69 /* Pinterest.embeddedframework */ = {
			isa = PBXGroup;
			children = (
				7A15C81C197C67C700B0DD69 /* Pinterest.framework */,
				7A15C81D197C67C700B0DD69 /* Resources */,
			);
			name = Pinterest.embeddedframework;
			path = Submodules/ShareKit/Frameworks/Pinterest.embeddedframework;
			sourceTree = "<group>";
		};
		7A15C81D197C67C700B0DD69 /* Resources */ = {
			isa = PBXGroup;
			children = (
				7A15C81E197C67C700B0DD69 /* PinterestSDKResources.bundle */,
			);
			path = Resources;
			sourceTree = "<group>";
		};
		7A15C839197C6E8100B0DD69 /* Resources */ = {
			isa = PBXGroup;
			children = (
				7A278E8A1A94D2C80065B351 /* largeImage.JPG */,
				7AE8A0521C2B646B00CE61DE /* Resources - ShareKit Library */,
				7A15C710197C5E2800B0DD69 /* Images.xcassets */,
				7A15C82F197C6E6E00B0DD69 /* demo_audio_share.mp3 */,
				7A15C830197C6E6E00B0DD69 /* demo_large_video_share.mp4 */,
				7A15C831197C6E6E00B0DD69 /* demo_video_share.mov */,
				7A15C832197C6E6E00B0DD69 /* example.pdf */,
				7A15C833197C6E6E00B0DD69 /* sanFran.jpg */,
			);
			name = Resources;
			path = ..;
			sourceTree = "<group>";
		};
		7ACDD3B7197D6E5400373DC3 /* ShareKit Demo App (CocoaPods) */ = {
			isa = PBXGroup;
			children = (
				7A3C2F401996DDBA00CEBBFA /* Podfile */,
				7ACDD3C3197D6E5400373DC3 /* Images.xcassets */,
				7ACDD3B8197D6E5400373DC3 /* Supporting Files */,
			);
			path = "ShareKit Demo App (CocoaPods)";
			sourceTree = "<group>";
		};
		7ACDD3B8197D6E5400373DC3 /* Supporting Files */ = {
			isa = PBXGroup;
			children = (
				7ACDD3BA197D6E5400373DC3 /* InfoPlist.strings */,
				7ACDD3BF197D6E5400373DC3 /* ShareKit Demo App (CocoaPods)-Prefix.pch */,
			);
			name = "Supporting Files";
			sourceTree = "<group>";
		};
		7ACDD3CF197D6E5400373DC3 /* ShareKit Demo App (CocoaPods)Tests */ = {
			isa = PBXGroup;
			children = (
				7ACDD3D5197D6E5500373DC3 /* ShareKit_Demo_App__CocoaPods_Tests.m */,
				7ACDD3D0197D6E5500373DC3 /* Supporting Files */,
			);
			path = "ShareKit Demo App (CocoaPods)Tests";
			sourceTree = "<group>";
		};
		7ACDD3D0197D6E5500373DC3 /* Supporting Files */ = {
			isa = PBXGroup;
			children = (
				7ACDD3D1197D6E5500373DC3 /* ShareKit Demo App (CocoaPods)Tests-Info.plist */,
				7ACDD3D2197D6E5500373DC3 /* InfoPlist.strings */,
			);
			name = "Supporting Files";
			sourceTree = "<group>";
		};
		7AE8A0511C2B646B00CE61DE /* Google OAuth */ = {
			isa = PBXGroup;
			children = (
				7AE8A0501C2B646B00CE61DE /* GTMOAuth2ViewTouch.xib */,
			);
			name = "Google OAuth";
			sourceTree = "<group>";
		};
		7AE8A0521C2B646B00CE61DE /* Resources - ShareKit Library */ = {
			isa = PBXGroup;
			children = (
				7AE8A0511C2B646B00CE61DE /* Google OAuth */,
			);
			name = "Resources - ShareKit Library";
			path = Submodules/ShareKit;
			sourceTree = "<group>";
		};
		E6668706742C547E206D3B9C /* Pods */ = {
			isa = PBXGroup;
			children = (
				9D22EBD91737A7B71B223511 /* Pods.debug.xcconfig */,
				3A8BB8C3E0940F7F7CB5A352 /* Pods.release.xcconfig */,
			);
			name = Pods;
			sourceTree = "<group>";
		};
/* End PBXGroup section */

/* Begin PBXNativeTarget section */
		7A15C6FA197C5E2800B0DD69 /* ShareKit Demo App */ = {
			isa = PBXNativeTarget;
			buildConfigurationList = 7A15C727197C5E2800B0DD69 /* Build configuration list for PBXNativeTarget "ShareKit Demo App" */;
			buildPhases = (
				7A15C6F7197C5E2800B0DD69 /* Sources */,
				7A15C6F8197C5E2800B0DD69 /* Frameworks */,
				7A15C6F9197C5E2800B0DD69 /* Resources */,
			);
			buildRules = (
			);
			dependencies = (
				7A15C7DE197C65A200B0DD69 /* PBXTargetDependency */,
				7A15C7DC197C659E00B0DD69 /* PBXTargetDependency */,
			);
			name = "ShareKit Demo App";
			productName = "ShareKit Demo App";
			productReference = 7A15C6FB197C5E2800B0DD69 /* ShareKit Demo App.app */;
			productType = "com.apple.product-type.application";
		};
		7ACDD3B2197D6E5400373DC3 /* ShareKit Demo App (CocoaPods) */ = {
			isa = PBXNativeTarget;
			buildConfigurationList = 7ACDD40A197D6E5700373DC3 /* Build configuration list for PBXNativeTarget "ShareKit Demo App (CocoaPods)" */;
			buildPhases = (
				45840EC6BD3246019F8FDB32 /* Check Pods Manifest.lock */,
				7ACDD3AF197D6E5400373DC3 /* Sources */,
				7ACDD3B0197D6E5400373DC3 /* Frameworks */,
				7ACDD3B1197D6E5400373DC3 /* Resources */,
				9ECA1C81C273481FAD3AB551 /* Copy Pods Resources */,
				767DA6F887774E30FE04074E /* Embed Pods Frameworks */,
			);
			buildRules = (
			);
			dependencies = (
			);
			name = "ShareKit Demo App (CocoaPods)";
			productName = "ShareKit Demo App (CocoaPods)";
			productReference = 7ACDD3B3197D6E5400373DC3 /* ShareKit Demo App (CocoaPods).app */;
			productType = "com.apple.product-type.application";
		};
/* End PBXNativeTarget section */

/* Begin PBXProject section */
		7A15C6F3197C5E2800B0DD69 /* Project object */ = {
			isa = PBXProject;
			attributes = {
				CLASSPREFIX = SHK;
				LastUpgradeCheck = 0720;
				ORGANIZATIONNAME = "Vilém Kurz";
			};
			buildConfigurationList = 7A15C6F6197C5E2800B0DD69 /* Build configuration list for PBXProject "ShareKit Demo App" */;
			compatibilityVersion = "Xcode 3.2";
			developmentRegion = English;
			hasScannedForEncodings = 0;
			knownRegions = (
				en,
			);
			mainGroup = 7A15C6F2197C5E2800B0DD69;
			productRefGroup = 7A15C6FC197C5E2800B0DD69 /* Products */;
			projectDirPath = "";
			projectReferences = (
				{
					ProductGroup = 7A15C746197C657100B0DD69 /* Products */;
					ProjectRef = 7A15C745197C657100B0DD69 /* ShareKit.xcodeproj */;
				},
			);
			projectRoot = "";
			targets = (
				7A15C6FA197C5E2800B0DD69 /* ShareKit Demo App */,
				7ACDD3B2197D6E5400373DC3 /* ShareKit Demo App (CocoaPods) */,
			);
		};
/* End PBXProject section */

/* Begin PBXReferenceProxy section */
		7A15C77A197C657200B0DD69 /* libShareKit.a */ = {
			isa = PBXReferenceProxy;
			fileType = archive.ar;
			path = libShareKit.a;
			remoteRef = 7A15C779197C657200B0DD69 /* PBXContainerItemProxy */;
			sourceTree = BUILT_PRODUCTS_DIR;
		};
		7A15C77C197C657200B0DD69 /* ShareKit.bundle */ = {
			isa = PBXReferenceProxy;
			fileType = wrapper.cfbundle;
			path = ShareKit.bundle;
			remoteRef = 7A15C77B197C657200B0DD69 /* PBXContainerItemProxy */;
			sourceTree = BUILT_PRODUCTS_DIR;
		};
		7A15C77E197C657200B0DD69 /* libShareKitCore.a */ = {
			isa = PBXReferenceProxy;
			fileType = archive.ar;
			path = libShareKitCore.a;
			remoteRef = 7A15C77D197C657200B0DD69 /* PBXContainerItemProxy */;
			sourceTree = BUILT_PRODUCTS_DIR;
		};
		7A15C780197C657200B0DD69 /* libSSKeyChain.a */ = {
			isa = PBXReferenceProxy;
			fileType = archive.ar;
			path = libSSKeyChain.a;
			remoteRef = 7A15C77F197C657200B0DD69 /* PBXContainerItemProxy */;
			sourceTree = BUILT_PRODUCTS_DIR;
		};
		7A15C782197C657200B0DD69 /* libOAuth.a */ = {
			isa = PBXReferenceProxy;
			fileType = archive.ar;
			path = libOAuth.a;
			remoteRef = 7A15C781197C657200B0DD69 /* PBXContainerItemProxy */;
			sourceTree = BUILT_PRODUCTS_DIR;
		};
		7A15C784197C657200B0DD69 /* libReachability.a */ = {
			isa = PBXReferenceProxy;
			fileType = archive.ar;
			path = libReachability.a;
			remoteRef = 7A15C783197C657200B0DD69 /* PBXContainerItemProxy */;
			sourceTree = BUILT_PRODUCTS_DIR;
		};
		7A15C786197C657200B0DD69 /* libCopy.a */ = {
			isa = PBXReferenceProxy;
			fileType = archive.ar;
			path = libCopy.a;
			remoteRef = 7A15C785197C657200B0DD69 /* PBXContainerItemProxy */;
			sourceTree = BUILT_PRODUCTS_DIR;
		};
		7A15C788197C657200B0DD69 /* libEmail.a */ = {
			isa = PBXReferenceProxy;
			fileType = archive.ar;
			path = libEmail.a;
			remoteRef = 7A15C787197C657200B0DD69 /* PBXContainerItemProxy */;
			sourceTree = BUILT_PRODUCTS_DIR;
		};
		7A15C78A197C657200B0DD69 /* libLogout.a */ = {
			isa = PBXReferenceProxy;
			fileType = archive.ar;
			path = libLogout.a;
			remoteRef = 7A15C789197C657200B0DD69 /* PBXContainerItemProxy */;
			sourceTree = BUILT_PRODUCTS_DIR;
		};
		7A15C78C197C657200B0DD69 /* libOpen in Safari.a */ = {
			isa = PBXReferenceProxy;
			fileType = archive.ar;
			path = "libOpen in Safari.a";
			remoteRef = 7A15C78B197C657200B0DD69 /* PBXContainerItemProxy */;
			sourceTree = BUILT_PRODUCTS_DIR;
		};
		7A15C78E197C657200B0DD69 /* libPrint.a */ = {
			isa = PBXReferenceProxy;
			fileType = archive.ar;
			path = libPrint.a;
			remoteRef = 7A15C78D197C657200B0DD69 /* PBXContainerItemProxy */;
			sourceTree = BUILT_PRODUCTS_DIR;
		};
		7A15C790197C657200B0DD69 /* libSave to Album.a */ = {
			isa = PBXReferenceProxy;
			fileType = archive.ar;
			path = "libSave to Album.a";
			remoteRef = 7A15C78F197C657200B0DD69 /* PBXContainerItemProxy */;
			sourceTree = BUILT_PRODUCTS_DIR;
		};
		7A15C792197C657200B0DD69 /* libText Message.a */ = {
			isa = PBXReferenceProxy;
			fileType = archive.ar;
			path = "libText Message.a";
			remoteRef = 7A15C791197C657200B0DD69 /* PBXContainerItemProxy */;
			sourceTree = BUILT_PRODUCTS_DIR;
		};
		7A15C794197C657200B0DD69 /* libDelicious.a */ = {
			isa = PBXReferenceProxy;
			fileType = archive.ar;
			path = libDelicious.a;
			remoteRef = 7A15C793197C657200B0DD69 /* PBXContainerItemProxy */;
			sourceTree = BUILT_PRODUCTS_DIR;
		};
		7A15C796197C657200B0DD69 /* libDiigo.a */ = {
			isa = PBXReferenceProxy;
			fileType = archive.ar;
			path = libDiigo.a;
			remoteRef = 7A15C795197C657200B0DD69 /* PBXContainerItemProxy */;
			sourceTree = BUILT_PRODUCTS_DIR;
		};
		7A15C798197C657200B0DD69 /* libEvernote.a */ = {
			isa = PBXReferenceProxy;
			fileType = archive.ar;
			path = libEvernote.a;
			remoteRef = 7A15C797197C657200B0DD69 /* PBXContainerItemProxy */;
			sourceTree = BUILT_PRODUCTS_DIR;
		};
		7A15C79A197C657200B0DD69 /* libEvernote SDK.a */ = {
			isa = PBXReferenceProxy;
			fileType = archive.ar;
			path = "libEvernote SDK.a";
			remoteRef = 7A15C799197C657200B0DD69 /* PBXContainerItemProxy */;
			sourceTree = BUILT_PRODUCTS_DIR;
		};
		7A15C79C197C657200B0DD69 /* libFacebook.a */ = {
			isa = PBXReferenceProxy;
			fileType = archive.ar;
			path = libFacebook.a;
			remoteRef = 7A15C79B197C657200B0DD69 /* PBXContainerItemProxy */;
			sourceTree = BUILT_PRODUCTS_DIR;
		};
		7A15C79E197C657200B0DD69 /* libFoursquareV2.a */ = {
			isa = PBXReferenceProxy;
			fileType = archive.ar;
			path = libFoursquareV2.a;
			remoteRef = 7A15C79D197C657200B0DD69 /* PBXContainerItemProxy */;
			sourceTree = BUILT_PRODUCTS_DIR;
		};
		7A15C7A0197C657200B0DD69 /* libFlickr.a */ = {
			isa = PBXReferenceProxy;
			fileType = archive.ar;
			path = libFlickr.a;
			remoteRef = 7A15C79F197C657200B0DD69 /* PBXContainerItemProxy */;
			sourceTree = BUILT_PRODUCTS_DIR;
		};
		7A15C7A2197C657200B0DD69 /* libGoogle Plus.a */ = {
			isa = PBXReferenceProxy;
			fileType = archive.ar;
			path = "libGoogle Plus.a";
			remoteRef = 7A15C7A1197C657200B0DD69 /* PBXContainerItemProxy */;
			sourceTree = BUILT_PRODUCTS_DIR;
		};
		7A15C7A4197C657200B0DD69 /* libInstagram.a */ = {
			isa = PBXReferenceProxy;
			fileType = archive.ar;
			path = libInstagram.a;
			remoteRef = 7A15C7A3197C657200B0DD69 /* PBXContainerItemProxy */;
			sourceTree = BUILT_PRODUCTS_DIR;
		};
		7A15C7A6197C657200B0DD69 /* libInstapaper.a */ = {
			isa = PBXReferenceProxy;
			fileType = archive.ar;
			path = libInstapaper.a;
			remoteRef = 7A15C7A5197C657200B0DD69 /* PBXContainerItemProxy */;
			sourceTree = BUILT_PRODUCTS_DIR;
		};
		7A15C7A8197C657200B0DD69 /* libKippt.a */ = {
			isa = PBXReferenceProxy;
			fileType = archive.ar;
			path = libKippt.a;
			remoteRef = 7A15C7A7197C657200B0DD69 /* PBXContainerItemProxy */;
			sourceTree = BUILT_PRODUCTS_DIR;
		};
		7A15C7AA197C657200B0DD69 /* libLinkedIn.a */ = {
			isa = PBXReferenceProxy;
			fileType = archive.ar;
			path = libLinkedIn.a;
			remoteRef = 7A15C7A9197C657200B0DD69 /* PBXContainerItemProxy */;
			sourceTree = BUILT_PRODUCTS_DIR;
		};
		7A15C7AC197C657200B0DD69 /* libPinboard.a */ = {
			isa = PBXReferenceProxy;
			fileType = archive.ar;
			path = libPinboard.a;
			remoteRef = 7A15C7AB197C657200B0DD69 /* PBXContainerItemProxy */;
			sourceTree = BUILT_PRODUCTS_DIR;
		};
		7A15C7AE197C657200B0DD69 /* libBuffer.a */ = {
			isa = PBXReferenceProxy;
			fileType = archive.ar;
			path = libBuffer.a;
			remoteRef = 7A15C7AD197C657200B0DD69 /* PBXContainerItemProxy */;
			sourceTree = BUILT_PRODUCTS_DIR;
		};
		7A15C7B0197C657200B0DD69 /* libSina Weibo.a */ = {
			isa = PBXReferenceProxy;
			fileType = archive.ar;
			path = "libSina Weibo.a";
			remoteRef = 7A15C7AF197C657200B0DD69 /* PBXContainerItemProxy */;
			sourceTree = BUILT_PRODUCTS_DIR;
		};
		7A15C7B2197C657200B0DD69 /* libTumblr.a */ = {
			isa = PBXReferenceProxy;
			fileType = archive.ar;
			path = libTumblr.a;
			remoteRef = 7A15C7B1197C657200B0DD69 /* PBXContainerItemProxy */;
			sourceTree = BUILT_PRODUCTS_DIR;
		};
		7A15C7B4197C657200B0DD69 /* libTwitter.a */ = {
			isa = PBXReferenceProxy;
			fileType = archive.ar;
			path = libTwitter.a;
			remoteRef = 7A15C7B3197C657200B0DD69 /* PBXContainerItemProxy */;
			sourceTree = BUILT_PRODUCTS_DIR;
		};
		7A15C7B6197C657200B0DD69 /* libVKontakte.a */ = {
			isa = PBXReferenceProxy;
			fileType = archive.ar;
			path = libVKontakte.a;
			remoteRef = 7A15C7B5197C657200B0DD69 /* PBXContainerItemProxy */;
			sourceTree = BUILT_PRODUCTS_DIR;
		};
		7A15C7BA197C657200B0DD69 /* libReadability.a */ = {
			isa = PBXReferenceProxy;
			fileType = archive.ar;
			path = libReadability.a;
			remoteRef = 7A15C7B9197C657200B0DD69 /* PBXContainerItemProxy */;
			sourceTree = BUILT_PRODUCTS_DIR;
		};
		7A15C7BC197C657200B0DD69 /* libHatena.a */ = {
			isa = PBXReferenceProxy;
			fileType = archive.ar;
			path = libHatena.a;
			remoteRef = 7A15C7BB197C657200B0DD69 /* PBXContainerItemProxy */;
			sourceTree = BUILT_PRODUCTS_DIR;
		};
		7A15C7BE197C657200B0DD69 /* libPlurk.a */ = {
			isa = PBXReferenceProxy;
			fileType = archive.ar;
			path = libPlurk.a;
			remoteRef = 7A15C7BD197C657200B0DD69 /* PBXContainerItemProxy */;
			sourceTree = BUILT_PRODUCTS_DIR;
		};
		7A15C7C0197C657200B0DD69 /* libDropbox.a */ = {
			isa = PBXReferenceProxy;
			fileType = archive.ar;
			path = libDropbox.a;
			remoteRef = 7A15C7BF197C657200B0DD69 /* PBXContainerItemProxy */;
			sourceTree = BUILT_PRODUCTS_DIR;
		};
		7A15C7C2197C657200B0DD69 /* libYouTube.a */ = {
			isa = PBXReferenceProxy;
			fileType = archive.ar;
			path = libYouTube.a;
			remoteRef = 7A15C7C1197C657200B0DD69 /* PBXContainerItemProxy */;
			sourceTree = BUILT_PRODUCTS_DIR;
		};
		7A15C7C4197C657200B0DD69 /* libYouTube SDK.a */ = {
			isa = PBXReferenceProxy;
			fileType = archive.ar;
			path = "libYouTube SDK.a";
			remoteRef = 7A15C7C3197C657200B0DD69 /* PBXContainerItemProxy */;
			sourceTree = BUILT_PRODUCTS_DIR;
		};
		7A15C7C6197C657200B0DD69 /* libPocket.a */ = {
			isa = PBXReferenceProxy;
			fileType = archive.ar;
			path = libPocket.a;
			remoteRef = 7A15C7C5197C657200B0DD69 /* PBXContainerItemProxy */;
			sourceTree = BUILT_PRODUCTS_DIR;
		};
		7A15C7C8197C657200B0DD69 /* libPocket SDK.a */ = {
			isa = PBXReferenceProxy;
			fileType = archive.ar;
			path = "libPocket SDK.a";
			remoteRef = 7A15C7C7197C657200B0DD69 /* PBXContainerItemProxy */;
			sourceTree = BUILT_PRODUCTS_DIR;
		};
		7A15C7CA197C657200B0DD69 /* Static Library Tests.xctest */ = {
			isa = PBXReferenceProxy;
			fileType = wrapper.cfbundle;
			path = "Static Library Tests.xctest";
			remoteRef = 7A15C7C9197C657200B0DD69 /* PBXContainerItemProxy */;
			sourceTree = BUILT_PRODUCTS_DIR;
		};
		7A15C7CC197C657200B0DD69 /* libPKMultipartInputStream.a */ = {
			isa = PBXReferenceProxy;
			fileType = archive.ar;
			path = libPKMultipartInputStream.a;
			remoteRef = 7A15C7CB197C657200B0DD69 /* PBXContainerItemProxy */;
			sourceTree = BUILT_PRODUCTS_DIR;
		};
		7A15C7CE197C657200B0DD69 /* libImgur.a */ = {
			isa = PBXReferenceProxy;
			fileType = archive.ar;
			path = libImgur.a;
			remoteRef = 7A15C7CD197C657200B0DD69 /* PBXContainerItemProxy */;
			sourceTree = BUILT_PRODUCTS_DIR;
		};
		7A15C7D0197C657200B0DD69 /* libOneNote.a */ = {
			isa = PBXReferenceProxy;
			fileType = archive.ar;
			path = libOneNote.a;
			remoteRef = 7A15C7CF197C657200B0DD69 /* PBXContainerItemProxy */;
			sourceTree = BUILT_PRODUCTS_DIR;
		};
		7A15C7D2197C657200B0DD69 /* libPinterest.a */ = {
			isa = PBXReferenceProxy;
			fileType = archive.ar;
			path = libPinterest.a;
			remoteRef = 7A15C7D1197C657200B0DD69 /* PBXContainerItemProxy */;
			sourceTree = BUILT_PRODUCTS_DIR;
		};
		7A15C7D4197C657200B0DD69 /* libSDWebImage.a */ = {
			isa = PBXReferenceProxy;
			fileType = archive.ar;
			path = libSDWebImage.a;
			remoteRef = 7A15C7D3197C657200B0DD69 /* PBXContainerItemProxy */;
			sourceTree = BUILT_PRODUCTS_DIR;
		};
		7A15C7D6197C657200B0DD69 /* libOpen in Chrome.a */ = {
			isa = PBXReferenceProxy;
			fileType = archive.ar;
			path = "libOpen in Chrome.a";
			remoteRef = 7A15C7D5197C657200B0DD69 /* PBXContainerItemProxy */;
			sourceTree = BUILT_PRODUCTS_DIR;
		};
		7A15C7D8197C657200B0DD69 /* libOpen in 1Password.a */ = {
			isa = PBXReferenceProxy;
			fileType = archive.ar;
			path = "libOpen in 1Password.a";
			remoteRef = 7A15C7D7197C657200B0DD69 /* PBXContainerItemProxy */;
			sourceTree = BUILT_PRODUCTS_DIR;
		};
		7A15C7DA197C657200B0DD69 /* libReadingList.a */ = {
			isa = PBXReferenceProxy;
			fileType = archive.ar;
			path = libReadingList.a;
			remoteRef = 7A15C7D9197C657200B0DD69 /* PBXContainerItemProxy */;
			sourceTree = BUILT_PRODUCTS_DIR;
		};
		7A278EBD1A94D2C80065B351 /* libWhatsApp.a */ = {
			isa = PBXReferenceProxy;
			fileType = archive.ar;
			path = libWhatsApp.a;
			remoteRef = 7A278EBC1A94D2C80065B351 /* PBXContainerItemProxy */;
			sourceTree = BUILT_PRODUCTS_DIR;
		};
		7A74C8A51A4981C200F1F6B0 /* libiso-8601-date-formatter.a */ = {
			isa = PBXReferenceProxy;
			fileType = archive.ar;
			path = "libiso-8601-date-formatter.a";
			remoteRef = 7A74C8A41A4981C200F1F6B0 /* PBXContainerItemProxy */;
			sourceTree = BUILT_PRODUCTS_DIR;
		};
/* End PBXReferenceProxy section */

/* Begin PBXResourcesBuildPhase section */
		7A15C6F9197C5E2800B0DD69 /* Resources */ = {
			isa = PBXResourcesBuildPhase;
			buildActionMask = 2147483647;
			files = (
				7AE8A0531C2B646B00CE61DE /* GTMOAuth2ViewTouch.xib in Resources */,
				7A15C835197C6E6E00B0DD69 /* demo_large_video_share.mp4 in Resources */,
				7A278E8B1A94D2C80065B351 /* largeImage.JPG in Resources */,
				7A15C82A197C684700B0DD69 /* LiveSDK.framework in Resources */,
				7A15C7E0197C65C400B0DD69 /* ShareKit.bundle in Resources */,
				7A15C837197C6E6E00B0DD69 /* example.pdf in Resources */,
				7A15C822197C67C800B0DD69 /* GooglePlus.bundle in Resources */,
				7A15C709197C5E2800B0DD69 /* InfoPlist.strings in Resources */,
				7A15C836197C6E6E00B0DD69 /* demo_video_share.mov in Resources */,
				7A15C82E197C6DEF00B0DD69 /* MainWindow.xib in Resources */,
				7A15C838197C6E6E00B0DD69 /* sanFran.jpg in Resources */,
				7A15C834197C6E6E00B0DD69 /* demo_audio_share.mp3 in Resources */,
				7A15C711197C5E2800B0DD69 /* Images.xcassets in Resources */,
				7A15C741197C613900B0DD69 /* RootViewController.xib in Resources */,
				7A15C826197C67C800B0DD69 /* PinterestSDKResources.bundle in Resources */,
			);
			runOnlyForDeploymentPostprocessing = 0;
		};
		7ACDD3B1197D6E5400373DC3 /* Resources */ = {
			isa = PBXResourcesBuildPhase;
			buildActionMask = 2147483647;
			files = (
				7ACDD3BC197D6E5400373DC3 /* InfoPlist.strings in Resources */,
				7A3C2F371996CA4100CEBBFA /* demo_video_share.mov in Resources */,
				7A3C2F361996CA3F00CEBBFA /* demo_large_video_share.mp4 in Resources */,
				7AE8A0841C2B69E700CE61DE /* Images.xcassets in Resources */,
				7A3C2F391996CA4700CEBBFA /* sanFran.jpg in Resources */,
				7A278EBE1A94D46C0065B351 /* largeImage.JPG in Resources */,
				7A3C2F351996CA3C00CEBBFA /* demo_audio_share.mp3 in Resources */,
				7A3C2F341996C84E00CEBBFA /* RootViewController.xib in Resources */,
				7A3C2F331996C81100CEBBFA /* MainWindow.xib in Resources */,
				7A3C2F381996CA4400CEBBFA /* example.pdf in Resources */,
			);
			runOnlyForDeploymentPostprocessing = 0;
		};
/* End PBXResourcesBuildPhase section */

/* Begin PBXShellScriptBuildPhase section */
		45840EC6BD3246019F8FDB32 /* Check Pods Manifest.lock */ = {
			isa = PBXShellScriptBuildPhase;
			buildActionMask = 2147483647;
			files = (
			);
			inputPaths = (
			);
			name = "Check Pods Manifest.lock";
			outputPaths = (
			);
			runOnlyForDeploymentPostprocessing = 0;
			shellPath = /bin/sh;
			shellScript = "diff \"${PODS_ROOT}/../Podfile.lock\" \"${PODS_ROOT}/Manifest.lock\" > /dev/null\nif [[ $? != 0 ]] ; then\n    cat << EOM\nerror: The sandbox is not in sync with the Podfile.lock. Run 'pod install' or update your CocoaPods installation.\nEOM\n    exit 1\nfi\n";
			showEnvVarsInLog = 0;
		};
		767DA6F887774E30FE04074E /* Embed Pods Frameworks */ = {
			isa = PBXShellScriptBuildPhase;
			buildActionMask = 2147483647;
			files = (
			);
			inputPaths = (
			);
			name = "Embed Pods Frameworks";
			outputPaths = (
			);
			runOnlyForDeploymentPostprocessing = 0;
			shellPath = /bin/sh;
			shellScript = "\"${SRCROOT}/Pods/Target Support Files/Pods/Pods-frameworks.sh\"\n";
			showEnvVarsInLog = 0;
		};
		9ECA1C81C273481FAD3AB551 /* Copy Pods Resources */ = {
			isa = PBXShellScriptBuildPhase;
			buildActionMask = 2147483647;
			files = (
			);
			inputPaths = (
			);
			name = "Copy Pods Resources";
			outputPaths = (
			);
			runOnlyForDeploymentPostprocessing = 0;
			shellPath = /bin/sh;
			shellScript = "\"${SRCROOT}/Pods/Target Support Files/Pods/Pods-resources.sh\"\n";
			showEnvVarsInLog = 0;
		};
/* End PBXShellScriptBuildPhase section */

/* Begin PBXSourcesBuildPhase section */
		7A15C6F7197C5E2800B0DD69 /* Sources */ = {
			isa = PBXSourcesBuildPhase;
			buildActionMask = 2147483647;
			files = (
				7A15C743197C613900B0DD69 /* ShareKitDemoConfigurator.m in Sources */,
				7A15C73C197C613900B0DD69 /* ExampleShareFile.m in Sources */,
				7A15C73D197C613900B0DD69 /* ExampleShareImage.m in Sources */,
				7A15C740197C613900B0DD69 /* RootViewController.m in Sources */,
				7A15C73E197C613900B0DD69 /* ExampleShareLink.m in Sources */,
				7A15C73F197C613900B0DD69 /* ExampleShareText.m in Sources */,
				7A15C70B197C5E2800B0DD69 /* main.m in Sources */,
				7A15C742197C613900B0DD69 /* ShareKitAppDelegate.m in Sources */,
			);
			runOnlyForDeploymentPostprocessing = 0;
		};
		7ACDD3AF197D6E5400373DC3 /* Sources */ = {
			isa = PBXSourcesBuildPhase;
			buildActionMask = 2147483647;
			files = (
				7A101A2D197FCFBA00396A3B /* ExampleShareImage.m in Sources */,
				7A101A2C197FCFB600396A3B /* ExampleShareFile.m in Sources */,
				7A3C2F311996BABB00CEBBFA /* RootViewController.m in Sources */,
				7A3C2F301996BAB500CEBBFA /* ShareKitDemoConfigurator.m in Sources */,
				7A101A2E197FCFBD00396A3B /* ExampleShareLink.m in Sources */,
				7A3C2F321996BABD00CEBBFA /* ExampleShareText.m in Sources */,
				7A3C2F3A1996CA5600CEBBFA /* main.m in Sources */,
				7A3C2F001996BAB200CEBBFA /* ShareKitAppDelegate.m in Sources */,
			);
			runOnlyForDeploymentPostprocessing = 0;
		};
/* End PBXSourcesBuildPhase section */

/* Begin PBXTargetDependency section */
		7A15C7DC197C659E00B0DD69 /* PBXTargetDependency */ = {
			isa = PBXTargetDependency;
			name = "Static Library";
			targetProxy = 7A15C7DB197C659E00B0DD69 /* PBXContainerItemProxy */;
		};
		7A15C7DE197C65A200B0DD69 /* PBXTargetDependency */ = {
			isa = PBXTargetDependency;
			name = "Resource Bundle";
			targetProxy = 7A15C7DD197C65A200B0DD69 /* PBXContainerItemProxy */;
		};
/* End PBXTargetDependency section */

/* Begin PBXVariantGroup section */
		7A15C707197C5E2800B0DD69 /* InfoPlist.strings */ = {
			isa = PBXVariantGroup;
			children = (
				7A15C708197C5E2800B0DD69 /* en */,
			);
			name = InfoPlist.strings;
			sourceTree = "<group>";
		};
		7A15C720197C5E2800B0DD69 /* InfoPlist.strings */ = {
			isa = PBXVariantGroup;
			children = (
				7A15C721197C5E2800B0DD69 /* en */,
			);
			name = InfoPlist.strings;
			sourceTree = "<group>";
		};
		7ACDD3BA197D6E5400373DC3 /* InfoPlist.strings */ = {
			isa = PBXVariantGroup;
			children = (
				7ACDD3BB197D6E5400373DC3 /* en */,
			);
			name = InfoPlist.strings;
			sourceTree = "<group>";
		};
		7ACDD3D2197D6E5500373DC3 /* InfoPlist.strings */ = {
			isa = PBXVariantGroup;
			children = (
				7ACDD3D3197D6E5500373DC3 /* en */,
			);
			name = InfoPlist.strings;
			sourceTree = "<group>";
		};
/* End PBXVariantGroup section */

/* Begin XCBuildConfiguration section */
		7A15C725197C5E2800B0DD69 /* Debug */ = {
			isa = XCBuildConfiguration;
			buildSettings = {
				ALWAYS_SEARCH_USER_PATHS = NO;
				CLANG_CXX_LANGUAGE_STANDARD = "gnu++0x";
				CLANG_CXX_LIBRARY = "libc++";
				CLANG_ENABLE_MODULES = YES;
				CLANG_ENABLE_OBJC_ARC = YES;
				CLANG_WARN_BOOL_CONVERSION = YES;
				CLANG_WARN_CONSTANT_CONVERSION = YES;
				CLANG_WARN_DIRECT_OBJC_ISA_USAGE = YES_ERROR;
				CLANG_WARN_EMPTY_BODY = YES;
				CLANG_WARN_ENUM_CONVERSION = YES;
				CLANG_WARN_INT_CONVERSION = YES;
				CLANG_WARN_OBJC_ROOT_CLASS = YES_ERROR;
				CLANG_WARN__DUPLICATE_METHOD_MATCH = YES;
				"CODE_SIGN_IDENTITY[sdk=iphoneos*]" = "iPhone Developer";
				COPY_PHASE_STRIP = NO;
				ENABLE_TESTABILITY = YES;
				GCC_C_LANGUAGE_STANDARD = gnu99;
				GCC_DYNAMIC_NO_PIC = NO;
				GCC_OPTIMIZATION_LEVEL = 0;
				GCC_PREPROCESSOR_DEFINITIONS = (
					"DEBUG=1",
					"$(inherited)",
				);
				GCC_SYMBOLS_PRIVATE_EXTERN = NO;
				GCC_WARN_64_TO_32_BIT_CONVERSION = YES;
				GCC_WARN_ABOUT_RETURN_TYPE = YES_ERROR;
				GCC_WARN_UNDECLARED_SELECTOR = YES;
				GCC_WARN_UNINITIALIZED_AUTOS = YES_AGGRESSIVE;
				GCC_WARN_UNUSED_FUNCTION = YES;
				GCC_WARN_UNUSED_VARIABLE = YES;
				IPHONEOS_DEPLOYMENT_TARGET = 7.0;
				ONLY_ACTIVE_ARCH = YES;
				SDKROOT = iphoneos;
				TARGETED_DEVICE_FAMILY = "1,2";
			};
			name = Debug;
		};
		7A15C726197C5E2800B0DD69 /* Release */ = {
			isa = XCBuildConfiguration;
			buildSettings = {
				ALWAYS_SEARCH_USER_PATHS = NO;
				CLANG_CXX_LANGUAGE_STANDARD = "gnu++0x";
				CLANG_CXX_LIBRARY = "libc++";
				CLANG_ENABLE_MODULES = YES;
				CLANG_ENABLE_OBJC_ARC = YES;
				CLANG_WARN_BOOL_CONVERSION = YES;
				CLANG_WARN_CONSTANT_CONVERSION = YES;
				CLANG_WARN_DIRECT_OBJC_ISA_USAGE = YES_ERROR;
				CLANG_WARN_EMPTY_BODY = YES;
				CLANG_WARN_ENUM_CONVERSION = YES;
				CLANG_WARN_INT_CONVERSION = YES;
				CLANG_WARN_OBJC_ROOT_CLASS = YES_ERROR;
				CLANG_WARN__DUPLICATE_METHOD_MATCH = YES;
				"CODE_SIGN_IDENTITY[sdk=iphoneos*]" = "iPhone Developer";
				COPY_PHASE_STRIP = YES;
				ENABLE_NS_ASSERTIONS = NO;
				GCC_C_LANGUAGE_STANDARD = gnu99;
				GCC_WARN_64_TO_32_BIT_CONVERSION = YES;
				GCC_WARN_ABOUT_RETURN_TYPE = YES_ERROR;
				GCC_WARN_UNDECLARED_SELECTOR = YES;
				GCC_WARN_UNINITIALIZED_AUTOS = YES_AGGRESSIVE;
				GCC_WARN_UNUSED_FUNCTION = YES;
				GCC_WARN_UNUSED_VARIABLE = YES;
				IPHONEOS_DEPLOYMENT_TARGET = 7.0;
				SDKROOT = iphoneos;
				TARGETED_DEVICE_FAMILY = "1,2";
				VALIDATE_PRODUCT = YES;
			};
			name = Release;
		};
		7A15C728197C5E2800B0DD69 /* Debug */ = {
			isa = XCBuildConfiguration;
			buildSettings = {
				ASSETCATALOG_COMPILER_APPICON_NAME = AppIcon;
				ASSETCATALOG_COMPILER_LAUNCHIMAGE_NAME = LaunchImage;
				FRAMEWORK_SEARCH_PATHS = (
					"$(inherited)",
					"$(PROJECT_DIR)/Submodules/ShareKit/Frameworks",
					"$(PROJECT_DIR)/Submodules/ShareKit/Frameworks/Pinterest.embeddedframework",
				);
				GCC_PRECOMPILE_PREFIX_HEADER = YES;
				GCC_PREFIX_HEADER = "ShareKit Demo App/ShareKit Demo App-Prefix.pch";
				INFOPLIST_FILE = "ShareKit Demo App/ShareKit Demo App-Info.plist";
				OTHER_LDFLAGS = (
					"-ObjC",
					"-all_load",
				);
				PRODUCT_BUNDLE_IDENTIFIER = "com.cocoaminers.ShareKit-demo-app";
				PRODUCT_NAME = "$(TARGET_NAME)";
				USER_HEADER_SEARCH_PATHS = "Submodules/**";
				WRAPPER_EXTENSION = app;
			};
			name = Debug;
		};
		7A15C729197C5E2800B0DD69 /* Release */ = {
			isa = XCBuildConfiguration;
			buildSettings = {
				ASSETCATALOG_COMPILER_APPICON_NAME = AppIcon;
				ASSETCATALOG_COMPILER_LAUNCHIMAGE_NAME = LaunchImage;
				FRAMEWORK_SEARCH_PATHS = (
					"$(inherited)",
					"$(PROJECT_DIR)/Submodules/ShareKit/Frameworks",
					"$(PROJECT_DIR)/Submodules/ShareKit/Frameworks/Pinterest.embeddedframework",
				);
				GCC_PRECOMPILE_PREFIX_HEADER = YES;
				GCC_PREFIX_HEADER = "ShareKit Demo App/ShareKit Demo App-Prefix.pch";
				INFOPLIST_FILE = "ShareKit Demo App/ShareKit Demo App-Info.plist";
				OTHER_LDFLAGS = (
					"-ObjC",
					"-all_load",
				);
				PRODUCT_BUNDLE_IDENTIFIER = "com.cocoaminers.ShareKit-demo-app";
				PRODUCT_NAME = "$(TARGET_NAME)";
				USER_HEADER_SEARCH_PATHS = "Submodules/**";
				WRAPPER_EXTENSION = app;
			};
			name = Release;
		};
		7ACDD3D7197D6E5700373DC3 /* Debug */ = {
			isa = XCBuildConfiguration;
			baseConfigurationReference = 9D22EBD91737A7B71B223511 /* Pods.debug.xcconfig */;
			buildSettings = {
				ASSETCATALOG_COMPILER_APPICON_NAME = AppIcon;
				ASSETCATALOG_COMPILER_LAUNCHIMAGE_NAME = LaunchImage;
				ENABLE_BITCODE = NO;
				GCC_PRECOMPILE_PREFIX_HEADER = YES;
				GCC_PREFIX_HEADER = "ShareKit Demo App (CocoaPods)/ShareKit Demo App (CocoaPods)-Prefix.pch";
				GCC_PREPROCESSOR_DEFINITIONS = (
					"DEBUG=1",
					"$(inherited)",
				);
				INFOPLIST_FILE = "ShareKit Demo App/ShareKit Demo App-Info.plist";
				IPHONEOS_DEPLOYMENT_TARGET = 7.0;
				PRODUCT_BUNDLE_IDENTIFIER = "com.cocoaminers.ShareKit-demo-app";
				PRODUCT_NAME = "$(TARGET_NAME)";
				WRAPPER_EXTENSION = app;
			};
			name = Debug;
		};
		7ACDD3D8197D6E5700373DC3 /* Release */ = {
			isa = XCBuildConfiguration;
			baseConfigurationReference = 3A8BB8C3E0940F7F7CB5A352 /* Pods.release.xcconfig */;
			buildSettings = {
				ASSETCATALOG_COMPILER_APPICON_NAME = AppIcon;
				ASSETCATALOG_COMPILER_LAUNCHIMAGE_NAME = LaunchImage;
				ENABLE_BITCODE = NO;
				GCC_PRECOMPILE_PREFIX_HEADER = YES;
				GCC_PREFIX_HEADER = "ShareKit Demo App (CocoaPods)/ShareKit Demo App (CocoaPods)-Prefix.pch";
				INFOPLIST_FILE = "ShareKit Demo App/ShareKit Demo App-Info.plist";
				IPHONEOS_DEPLOYMENT_TARGET = 7.0;
				PRODUCT_BUNDLE_IDENTIFIER = "com.cocoaminers.ShareKit-demo-app";
				PRODUCT_NAME = "$(TARGET_NAME)";
				WRAPPER_EXTENSION = app;
			};
			name = Release;
		};
/* End XCBuildConfiguration section */

/* Begin XCConfigurationList section */
		7A15C6F6197C5E2800B0DD69 /* Build configuration list for PBXProject "ShareKit Demo App" */ = {
			isa = XCConfigurationList;
			buildConfigurations = (
				7A15C725197C5E2800B0DD69 /* Debug */,
				7A15C726197C5E2800B0DD69 /* Release */,
			);
			defaultConfigurationIsVisible = 0;
			defaultConfigurationName = Release;
		};
		7A15C727197C5E2800B0DD69 /* Build configuration list for PBXNativeTarget "ShareKit Demo App" */ = {
			isa = XCConfigurationList;
			buildConfigurations = (
				7A15C728197C5E2800B0DD69 /* Debug */,
				7A15C729197C5E2800B0DD69 /* Release */,
			);
			defaultConfigurationIsVisible = 0;
			defaultConfigurationName = Release;
		};
		7ACDD40A197D6E5700373DC3 /* Build configuration list for PBXNativeTarget "ShareKit Demo App (CocoaPods)" */ = {
			isa = XCConfigurationList;
			buildConfigurations = (
				7ACDD3D7197D6E5700373DC3 /* Debug */,
				7ACDD3D8197D6E5700373DC3 /* Release */,
			);
			defaultConfigurationIsVisible = 0;
			defaultConfigurationName = Release;
		};
/* End XCConfigurationList section */
	};
	rootObject = 7A15C6F3197C5E2800B0DD69 /* Project object */;
}
